// !$*UTF8*$!
{
	archiveVersion = 1;
	classes = {
	};
	objectVersion = 56;
	objects = {

/* Begin PBXBuildFile section */
		1615AF892A1E409E003E419F /* Hint.swift in Sources */ = {isa = PBXBuildFile; fileRef = 1615AF882A1E409E003E419F /* Hint.swift */; };
		1615AF8B2A1E47AB003E419F /* KataSequence.swift in Sources */ = {isa = PBXBuildFile; fileRef = 1615AF8A2A1E47AB003E419F /* KataSequence.swift */; };
		1615AF8D2A1E4CBC003E419F /* File.swift in Sources */ = {isa = PBXBuildFile; fileRef = 1615AF8C2A1E4CBC003E419F /* File.swift */; };
		163E9A482A21FD39003AA31C /* banana.mp3 in Resources */ = {isa = PBXBuildFile; fileRef = 163E99EE2A21FD36003AA31C /* banana.mp3 */; };
		163E9A492A21FD39003AA31C /* deeto.mp3 in Resources */ = {isa = PBXBuildFile; fileRef = 163E99EF2A21FD36003AA31C /* deeto.mp3 */; };
		163E9A4A2A21FD39003AA31C /* jiinzu.mp3 in Resources */ = {isa = PBXBuildFile; fileRef = 163E99F02A21FD36003AA31C /* jiinzu.mp3 */; };
		163E9A4B2A21FD39003AA31C /* hanbaagaa.mp3 in Resources */ = {isa = PBXBuildFile; fileRef = 163E99F12A21FD36003AA31C /* hanbaagaa.mp3 */; };
		163E9A4C2A21FD39003AA31C /* oosutoraria.mp3 in Resources */ = {isa = PBXBuildFile; fileRef = 163E99F22A21FD36003AA31C /* oosutoraria.mp3 */; };
		163E9A4D2A21FD39003AA31C /* beru.mp3 in Resources */ = {isa = PBXBuildFile; fileRef = 163E99F32A21FD36003AA31C /* beru.mp3 */; };
		163E9A4E2A21FD39003AA31C /* sutereo.mp3 in Resources */ = {isa = PBXBuildFile; fileRef = 163E99F42A21FD36003AA31C /* sutereo.mp3 */; };
		163E9A4F2A21FD39003AA31C /* miruku.mp3 in Resources */ = {isa = PBXBuildFile; fileRef = 163E99F52A21FD36003AA31C /* miruku.mp3 */; };
		163E9A502A21FD39003AA31C /* moderu.mp3 in Resources */ = {isa = PBXBuildFile; fileRef = 163E99F62A21FD36003AA31C /* moderu.mp3 */; };
		163E9A512A21FD39003AA31C /* sofuto.mp3 in Resources */ = {isa = PBXBuildFile; fileRef = 163E99F72A21FD36003AA31C /* sofuto.mp3 */; };
		163E9A522A21FD39003AA31C /* supootsu.mp3 in Resources */ = {isa = PBXBuildFile; fileRef = 163E99F82A21FD36003AA31C /* supootsu.mp3 */; };
		163E9A532A21FD39003AA31C /* piano.mp3 in Resources */ = {isa = PBXBuildFile; fileRef = 163E99F92A21FD36003AA31C /* piano.mp3 */; };
		163E9A542A21FD39003AA31C /* geeto.mp3 in Resources */ = {isa = PBXBuildFile; fileRef = 163E99FA2A21FD36003AA31C /* geeto.mp3 */; };
		163E9A552A21FD39003AA31C /* tomato.mp3 in Resources */ = {isa = PBXBuildFile; fileRef = 163E99FB2A21FD36003AA31C /* tomato.mp3 */; };
		163E9A562A21FD39003AA31C /* gorufu.mp3 in Resources */ = {isa = PBXBuildFile; fileRef = 163E99FC2A21FD36003AA31C /* gorufu.mp3 */; };
		163E9A572A21FD39003AA31C /* piza.mp3 in Resources */ = {isa = PBXBuildFile; fileRef = 163E99FD2A21FD36003AA31C /* piza.mp3 */; };
		163E9A582A21FD39003AA31C /* petto.mp3 in Resources */ = {isa = PBXBuildFile; fileRef = 163E99FE2A21FD36003AA31C /* petto.mp3 */; };
		163E9A592A21FD39003AA31C /* pinku.mp3 in Resources */ = {isa = PBXBuildFile; fileRef = 163E99FF2A21FD36003AA31C /* pinku.mp3 */; };
		163E9A5A2A21FD39003AA31C /* toreeningu.mp3 in Resources */ = {isa = PBXBuildFile; fileRef = 163E9A002A21FD36003AA31C /* toreeningu.mp3 */; };
		163E9A5B2A21FD39003AA31C /* nuudoru.mp3 in Resources */ = {isa = PBXBuildFile; fileRef = 163E9A012A21FD36003AA31C /* nuudoru.mp3 */; };
		163E9A5C2A21FD39003AA31C /* meron.mp3 in Resources */ = {isa = PBXBuildFile; fileRef = 163E9A022A21FD36003AA31C /* meron.mp3 */; };
		163E9A5D2A21FD39003AA31C /* saafuboodo.mp3 in Resources */ = {isa = PBXBuildFile; fileRef = 163E9A032A21FD36003AA31C /* saafuboodo.mp3 */; };
		163E9A5E2A21FD39003AA31C /* kamera.mp3 in Resources */ = {isa = PBXBuildFile; fileRef = 163E9A042A21FD36003AA31C /* kamera.mp3 */; };
		163E9A5F2A21FD39003AA31C /* doramu.mp3 in Resources */ = {isa = PBXBuildFile; fileRef = 163E9A052A21FD36003AA31C /* doramu.mp3 */; };
		163E9A602A21FD39003AA31C /* guruupu.mp3 in Resources */ = {isa = PBXBuildFile; fileRef = 163E9A062A21FD37003AA31C /* guruupu.mp3 */; };
		163E9A612A21FD39003AA31C /* tesuto.mp3 in Resources */ = {isa = PBXBuildFile; fileRef = 163E9A072A21FD37003AA31C /* tesuto.mp3 */; };
		163E9A622A21FD39003AA31C /* erebeetaa.mp3 in Resources */ = {isa = PBXBuildFile; fileRef = 163E9A082A21FD37003AA31C /* erebeetaa.mp3 */; };
		163E9A632A21FD39003AA31C /* toire.mp3 in Resources */ = {isa = PBXBuildFile; fileRef = 163E9A092A21FD37003AA31C /* toire.mp3 */; };
		163E9A642A21FD39003AA31C /* koora.mp3 in Resources */ = {isa = PBXBuildFile; fileRef = 163E9A0A2A21FD37003AA31C /* koora.mp3 */; };
		163E9A652A21FD39003AA31C /* geemu.mp3 in Resources */ = {isa = PBXBuildFile; fileRef = 163E9A0B2A21FD37003AA31C /* geemu.mp3 */; };
		163E9A662A21FD39003AA31C /* benchi.mp3 in Resources */ = {isa = PBXBuildFile; fileRef = 163E9A0C2A21FD37003AA31C /* benchi.mp3 */; };
		163E9A672A21FD39003AA31C /* gurasu.mp3 in Resources */ = {isa = PBXBuildFile; fileRef = 163E9A0D2A21FD37003AA31C /* gurasu.mp3 */; };
		163E9A682A21FD39003AA31C /* furansu.mp3 in Resources */ = {isa = PBXBuildFile; fileRef = 163E9A0E2A21FD37003AA31C /* furansu.mp3 */; };
		163E9A692A21FD39003AA31C /* hoteru.mp3 in Resources */ = {isa = PBXBuildFile; fileRef = 163E9A0F2A21FD37003AA31C /* hoteru.mp3 */; };
		163E9A6A2A21FD39003AA31C /* kaado.mp3 in Resources */ = {isa = PBXBuildFile; fileRef = 163E9A102A21FD37003AA31C /* kaado.mp3 */; };
		163E9A6B2A21FD39003AA31C /* dezaato.mp3 in Resources */ = {isa = PBXBuildFile; fileRef = 163E9A112A21FD37003AA31C /* dezaato.mp3 */; };
		163E9A6C2A21FD39003AA31C /* futtobooru.mp3 in Resources */ = {isa = PBXBuildFile; fileRef = 163E9A122A21FD37003AA31C /* futtobooru.mp3 */; };
		163E9A6D2A21FD39003AA31C /* pasupooto.mp3 in Resources */ = {isa = PBXBuildFile; fileRef = 163E9A132A21FD37003AA31C /* pasupooto.mp3 */; };
		163E9A6E2A21FD39003AA31C /* puuru.mp3 in Resources */ = {isa = PBXBuildFile; fileRef = 163E9A142A21FD37003AA31C /* puuru.mp3 */; };
		163E9A6F2A21FD39003AA31C /* roopu.mp3 in Resources */ = {isa = PBXBuildFile; fileRef = 163E9A152A21FD37003AA31C /* roopu.mp3 */; };
		163E9A702A21FD39003AA31C /* sakkaa.mp3 in Resources */ = {isa = PBXBuildFile; fileRef = 163E9A162A21FD37003AA31C /* sakkaa.mp3 */; };
		163E9A712A21FD39003AA31C /* takushii.mp3 in Resources */ = {isa = PBXBuildFile; fileRef = 163E9A172A21FD37003AA31C /* takushii.mp3 */; };
		163E9A722A21FD39003AA31C /* tento.mp3 in Resources */ = {isa = PBXBuildFile; fileRef = 163E9A182A21FD37003AA31C /* tento.mp3 */; };
		163E9A732A21FD39003AA31C /* wain.mp3 in Resources */ = {isa = PBXBuildFile; fileRef = 163E9A192A21FD37003AA31C /* wain.mp3 */; };
		163E9A742A21FD39003AA31C /* chiimu.mp3 in Resources */ = {isa = PBXBuildFile; fileRef = 163E9A1A2A21FD37003AA31C /* chiimu.mp3 */; };
		163E9A752A21FD39003AA31C /* pantsu.mp3 in Resources */ = {isa = PBXBuildFile; fileRef = 163E9A1B2A21FD37003AA31C /* pantsu.mp3 */; };
		163E9A762A21FD39003AA31C /* apaato.mp3 in Resources */ = {isa = PBXBuildFile; fileRef = 163E9A1C2A21FD37003AA31C /* apaato.mp3 */; };
		163E9A772A21FD39003AA31C /* aisukuriimu.mp3 in Resources */ = {isa = PBXBuildFile; fileRef = 163E9A1D2A21FD37003AA31C /* aisukuriimu.mp3 */; };
		163E9A782A21FD39003AA31C /* shingaa.mp3 in Resources */ = {isa = PBXBuildFile; fileRef = 163E9A1E2A21FD37003AA31C /* shingaa.mp3 */; };
		163E9A792A21FD39003AA31C /* pasuta.mp3 in Resources */ = {isa = PBXBuildFile; fileRef = 163E9A1F2A21FD37003AA31C /* pasuta.mp3 */; };
		163E9A7A2A21FD39003AA31C /* ruuru.mp3 in Resources */ = {isa = PBXBuildFile; fileRef = 163E9A202A21FD37003AA31C /* ruuru.mp3 */; };
		163E9A7B2A21FD39003AA31C /* bando.mp3 in Resources */ = {isa = PBXBuildFile; fileRef = 163E9A212A21FD37003AA31C /* bando.mp3 */; };
		163E9A7C2A21FD39003AA31C /* intaanetto.mp3 in Resources */ = {isa = PBXBuildFile; fileRef = 163E9A222A21FD37003AA31C /* intaanetto.mp3 */; };
		163E9A7D2A21FD39003AA31C /* doa.mp3 in Resources */ = {isa = PBXBuildFile; fileRef = 163E9A232A21FD37003AA31C /* doa.mp3 */; };
		163E9A7E2A21FD39003AA31C /* gamu.mp3 in Resources */ = {isa = PBXBuildFile; fileRef = 163E9A242A21FD37003AA31C /* gamu.mp3 */; };
		163E9A7F2A21FD39003AA31C /* koohii.mp3 in Resources */ = {isa = PBXBuildFile; fileRef = 163E9A252A21FD37003AA31C /* koohii.mp3 */; };
		163E9A802A21FD39003AA31C /* dansu.mp3 in Resources */ = {isa = PBXBuildFile; fileRef = 163E9A262A21FD38003AA31C /* dansu.mp3 */; };
		163E9A812A21FD39003AA31C /* kii.mp3 in Resources */ = {isa = PBXBuildFile; fileRef = 163E9A272A21FD38003AA31C /* kii.mp3 */; };
		163E9A822A21FD39003AA31C /* naifu.mp3 in Resources */ = {isa = PBXBuildFile; fileRef = 163E9A282A21FD38003AA31C /* naifu.mp3 */; };
		163E9A832A21FD39003AA31C /* reji.mp3 in Resources */ = {isa = PBXBuildFile; fileRef = 163E9A292A21FD38003AA31C /* reji.mp3 */; };
		163E9A842A21FD39003AA31C /* pen.mp3 in Resources */ = {isa = PBXBuildFile; fileRef = 163E9A2A2A21FD38003AA31C /* pen.mp3 */; };
		163E9A852A21FD39003AA31C /* remon.mp3 in Resources */ = {isa = PBXBuildFile; fileRef = 163E9A2B2A21FD38003AA31C /* remon.mp3 */; };
		163E9A862A21FD39003AA31C /* gitaa.mp3 in Resources */ = {isa = PBXBuildFile; fileRef = 163E9A2C2A21FD38003AA31C /* gitaa.mp3 */; };
		163E9A872A21FD39003AA31C /* shiito.mp3 in Resources */ = {isa = PBXBuildFile; fileRef = 163E9A2D2A21FD38003AA31C /* shiito.mp3 */; };
		163E9A882A21FD39003AA31C /* suteeki.mp3 in Resources */ = {isa = PBXBuildFile; fileRef = 163E9A2E2A21FD38003AA31C /* suteeki.mp3 */; };
		163E9A892A21FD39003AA31C /* beddo.mp3 in Resources */ = {isa = PBXBuildFile; fileRef = 163E9A2F2A21FD38003AA31C /* beddo.mp3 */; };
		163E9A8A2A21FD39003AA31C /* netto.mp3 in Resources */ = {isa = PBXBuildFile; fileRef = 163E9A302A21FD38003AA31C /* netto.mp3 */; };
		163E9A8B2A21FD39003AA31C /* kurisumasu.mp3 in Resources */ = {isa = PBXBuildFile; fileRef = 163E9A312A21FD38003AA31C /* kurisumasu.mp3 */; };
		163E9A8C2A21FD39003AA31C /* setto.mp3 in Resources */ = {isa = PBXBuildFile; fileRef = 163E9A322A21FD38003AA31C /* setto.mp3 */; };
		163E9A8D2A21FD39003AA31C /* booringu.mp3 in Resources */ = {isa = PBXBuildFile; fileRef = 163E9A332A21FD38003AA31C /* booringu.mp3 */; };
		163E9A8E2A21FD39003AA31C /* keesu.mp3 in Resources */ = {isa = PBXBuildFile; fileRef = 163E9A342A21FD38003AA31C /* keesu.mp3 */; };
		163E9A8F2A21FD39003AA31C /* gifuto.mp3 in Resources */ = {isa = PBXBuildFile; fileRef = 163E9A352A21FD38003AA31C /* gifuto.mp3 */; };
		163E9A902A21FD39003AA31C /* keeki.mp3 in Resources */ = {isa = PBXBuildFile; fileRef = 163E9A362A21FD38003AA31C /* keeki.mp3 */; };
		163E9A912A21FD39003AA31C /* miitopai.mp3 in Resources */ = {isa = PBXBuildFile; fileRef = 163E9A372A21FD38003AA31C /* miitopai.mp3 */; };
		163E9A922A21FD39003AA31C /* puramu.mp3 in Resources */ = {isa = PBXBuildFile; fileRef = 163E9A382A21FD38003AA31C /* puramu.mp3 */; };
		163E9A932A21FD39003AA31C /* rain.mp3 in Resources */ = {isa = PBXBuildFile; fileRef = 163E9A392A21FD38003AA31C /* rain.mp3 */; };
		163E9A942A21FD39003AA31C /* roketto.mp3 in Resources */ = {isa = PBXBuildFile; fileRef = 163E9A3A2A21FD38003AA31C /* roketto.mp3 */; };
		163E9A952A21FD39003AA31C /* tenisu.mp3 in Resources */ = {isa = PBXBuildFile; fileRef = 163E9A3B2A21FD38003AA31C /* tenisu.mp3 */; };
		163E9A962A21FD39003AA31C /* depaato.mp3 in Resources */ = {isa = PBXBuildFile; fileRef = 163E9A3C2A21FD38003AA31C /* depaato.mp3 */; };
		163E9A972A21FD39003AA31C /* hiitaa.mp3 in Resources */ = {isa = PBXBuildFile; fileRef = 163E9A3D2A21FD38003AA31C /* hiitaa.mp3 */; };
		163E9A982A21FD39003AA31C /* resutoran.mp3 in Resources */ = {isa = PBXBuildFile; fileRef = 163E9A3E2A21FD38003AA31C /* resutoran.mp3 */; };
		163E9A992A21FD39003AA31C /* chiizu.mp3 in Resources */ = {isa = PBXBuildFile; fileRef = 163E9A3F2A21FD38003AA31C /* chiizu.mp3 */; };
		163E9A9A2A21FD39003AA31C /* poteto.mp3 in Resources */ = {isa = PBXBuildFile; fileRef = 163E9A402A21FD38003AA31C /* poteto.mp3 */; };
		163E9A9B2A21FD39003AA31C /* sarada.mp3 in Resources */ = {isa = PBXBuildFile; fileRef = 163E9A412A21FD38003AA31C /* sarada.mp3 */; };
		163E9A9C2A21FD39003AA31C /* seetaa.mp3 in Resources */ = {isa = PBXBuildFile; fileRef = 163E9A422A21FD38003AA31C /* seetaa.mp3 */; };
		163E9A9D2A21FD39003AA31C /* kurasu.mp3 in Resources */ = {isa = PBXBuildFile; fileRef = 163E9A432A21FD38003AA31C /* kurasu.mp3 */; };
		163E9A9E2A21FD39003AA31C /* kanada.mp3 in Resources */ = {isa = PBXBuildFile; fileRef = 163E9A442A21FD38003AA31C /* kanada.mp3 */; };
		163E9A9F2A21FD39003AA31C /* basu.mp3 in Resources */ = {isa = PBXBuildFile; fileRef = 163E9A452A21FD38003AA31C /* basu.mp3 */; };
		163E9AA02A21FD39003AA31C /* biiru.mp3 in Resources */ = {isa = PBXBuildFile; fileRef = 163E9A462A21FD39003AA31C /* biiru.mp3 */; };
		163E9AA12A21FD39003AA31C /* orenji.mp3 in Resources */ = {isa = PBXBuildFile; fileRef = 163E9A472A21FD39003AA31C /* orenji.mp3 */; };
		1642926B2A20A39200B49BCA /* Error.wav in Resources */ = {isa = PBXBuildFile; fileRef = 164292692A20A39200B49BCA /* Error.wav */; };
		1642926C2A20A39200B49BCA /* Win.wav in Resources */ = {isa = PBXBuildFile; fileRef = 1642926A2A20A39200B49BCA /* Win.wav */; };
		16B93A022A0CD4B700AAEC70 /* Game5MainView.swift in Sources */ = {isa = PBXBuildFile; fileRef = 16B93A012A0CD4B700AAEC70 /* Game5MainView.swift */; };
		16B93A042A0CD64D00AAEC70 /* Game5ScreenView.swift in Sources */ = {isa = PBXBuildFile; fileRef = 16B93A032A0CD64D00AAEC70 /* Game5ScreenView.swift */; };
		3E2EB0D72A03252B0025ACBB /* landingView.swift in Sources */ = {isa = PBXBuildFile; fileRef = 3E2EB0D62A03252B0025ACBB /* landingView.swift */; };
		3E451A8929FF4E33000653D3 /* KatakanaFlashcardsView.swift in Sources */ = {isa = PBXBuildFile; fileRef = 3E451A8829FF4E33000653D3 /* KatakanaFlashcardsView.swift */; };
		3E451A8B29FF50E3000653D3 /* Game1View.swift in Sources */ = {isa = PBXBuildFile; fileRef = 3E451A8A29FF50E3000653D3 /* Game1View.swift */; };
		3E451A8D29FF52BB000653D3 /* Game2View.swift in Sources */ = {isa = PBXBuildFile; fileRef = 3E451A8C29FF52BB000653D3 /* Game2View.swift */; };
		3E451A8F29FF52CA000653D3 /* Game3View.swift in Sources */ = {isa = PBXBuildFile; fileRef = 3E451A8E29FF52CA000653D3 /* Game3View.swift */; };
		3E451A9129FF52E0000653D3 /* Game4View.swift in Sources */ = {isa = PBXBuildFile; fileRef = 3E451A9029FF52E0000653D3 /* Game4View.swift */; };
		3E451A9329FF52F3000653D3 /* Game5View.swift in Sources */ = {isa = PBXBuildFile; fileRef = 3E451A9229FF52F3000653D3 /* Game5View.swift */; };
		3E451A9529FF5310000653D3 /* InfoView.swift in Sources */ = {isa = PBXBuildFile; fileRef = 3E451A9429FF5310000653D3 /* InfoView.swift */; };
		3E5B2D652A0B3BE9004DC079 /* Game4MainView.swift in Sources */ = {isa = PBXBuildFile; fileRef = 3E5B2D642A0B3BE9004DC079 /* Game4MainView.swift */; };
		3E5B2D672A0B3C17004DC079 /* GameScreenView.swift in Sources */ = {isa = PBXBuildFile; fileRef = 3E5B2D662A0B3C17004DC079 /* GameScreenView.swift */; };
		3E8268AD2A14A07500F99048 /* GameInfoView.swift in Sources */ = {isa = PBXBuildFile; fileRef = 3E8268AC2A14A07500F99048 /* GameInfoView.swift */; };
		3EB470BA2A09A8170070D5BF /* ConfettiSwiftUI in Frameworks */ = {isa = PBXBuildFile; productRef = 3EB470B92A09A8170070D5BF /* ConfettiSwiftUI */; };
		3EB470BD2A09A9180070D5BF /* EffectsLibrary in Frameworks */ = {isa = PBXBuildFile; productRef = 3EB470BC2A09A9180070D5BF /* EffectsLibrary */; };
		3EC6747129FF4A1100F1C8E3 /* KatakanaApp.swift in Sources */ = {isa = PBXBuildFile; fileRef = 3EC6747029FF4A1100F1C8E3 /* KatakanaApp.swift */; };
		3EC6747329FF4A1100F1C8E3 /* ContentView.swift in Sources */ = {isa = PBXBuildFile; fileRef = 3EC6747229FF4A1100F1C8E3 /* ContentView.swift */; };
		3EC6747529FF4A1200F1C8E3 /* Assets.xcassets in Resources */ = {isa = PBXBuildFile; fileRef = 3EC6747429FF4A1200F1C8E3 /* Assets.xcassets */; };
		3EC6747829FF4A1200F1C8E3 /* Preview Assets.xcassets in Resources */ = {isa = PBXBuildFile; fileRef = 3EC6747729FF4A1200F1C8E3 /* Preview Assets.xcassets */; };
		3EC6747A29FF4A1200F1C8E3 /* Persistence.swift in Sources */ = {isa = PBXBuildFile; fileRef = 3EC6747929FF4A1200F1C8E3 /* Persistence.swift */; };
		3EC6747D29FF4A1200F1C8E3 /* Katakana.xcdatamodeld in Sources */ = {isa = PBXBuildFile; fileRef = 3EC6747B29FF4A1200F1C8E3 /* Katakana.xcdatamodeld */; };
		3EC6748729FF4A1200F1C8E3 /* KatakanaTests.swift in Sources */ = {isa = PBXBuildFile; fileRef = 3EC6748629FF4A1200F1C8E3 /* KatakanaTests.swift */; };
		3EC6749129FF4A1200F1C8E3 /* KatakanaUITests.swift in Sources */ = {isa = PBXBuildFile; fileRef = 3EC6749029FF4A1200F1C8E3 /* KatakanaUITests.swift */; };
		3EC6749329FF4A1200F1C8E3 /* KatakanaUITestsLaunchTests.swift in Sources */ = {isa = PBXBuildFile; fileRef = 3EC6749229FF4A1200F1C8E3 /* KatakanaUITestsLaunchTests.swift */; };
		C3A6E8DE2A1C756C00309AE8 /* Game3MainView.swift in Sources */ = {isa = PBXBuildFile; fileRef = C3A6E8DD2A1C756C00309AE8 /* Game3MainView.swift */; };
		C3A6E8E22A1C785600309AE8 /* Game3ScreenView.swift in Sources */ = {isa = PBXBuildFile; fileRef = C3A6E8E12A1C785600309AE8 /* Game3ScreenView.swift */; };
		C3A6E8E42A1C960800309AE8 /* Game3InfoView.swift in Sources */ = {isa = PBXBuildFile; fileRef = C3A6E8E32A1C960800309AE8 /* Game3InfoView.swift */; };
		C3A6E8E62A1CF6C600309AE8 /* testfile.swift in Sources */ = {isa = PBXBuildFile; fileRef = C3A6E8E52A1CF6C600309AE8 /* testfile.swift */; };
/* End PBXBuildFile section */

/* Begin PBXContainerItemProxy section */
		3EC6748329FF4A1200F1C8E3 /* PBXContainerItemProxy */ = {
			isa = PBXContainerItemProxy;
			containerPortal = 3EC6746529FF4A1100F1C8E3 /* Project object */;
			proxyType = 1;
			remoteGlobalIDString = 3EC6746C29FF4A1100F1C8E3;
			remoteInfo = Katakana;
		};
		3EC6748D29FF4A1200F1C8E3 /* PBXContainerItemProxy */ = {
			isa = PBXContainerItemProxy;
			containerPortal = 3EC6746529FF4A1100F1C8E3 /* Project object */;
			proxyType = 1;
			remoteGlobalIDString = 3EC6746C29FF4A1100F1C8E3;
			remoteInfo = Katakana;
		};
/* End PBXContainerItemProxy section */

/* Begin PBXFileReference section */
		1615AF882A1E409E003E419F /* Hint.swift */ = {isa = PBXFileReference; lastKnownFileType = sourcecode.swift; path = Hint.swift; sourceTree = "<group>"; };
		1615AF8A2A1E47AB003E419F /* KataSequence.swift */ = {isa = PBXFileReference; lastKnownFileType = sourcecode.swift; path = KataSequence.swift; sourceTree = "<group>"; };
		1615AF8C2A1E4CBC003E419F /* File.swift */ = {isa = PBXFileReference; lastKnownFileType = sourcecode.swift; path = File.swift; sourceTree = "<group>"; };
		163E99EE2A21FD36003AA31C /* banana.mp3 */ = {isa = PBXFileReference; lastKnownFileType = audio.mp3; name = banana.mp3; path = "../../../../../Desktop/Vocab audio files_KATAKANA APP/banana.mp3"; sourceTree = "<group>"; };
		163E99EF2A21FD36003AA31C /* deeto.mp3 */ = {isa = PBXFileReference; lastKnownFileType = audio.mp3; name = deeto.mp3; path = "../../../../../Desktop/Vocab audio files_KATAKANA APP/deeto.mp3"; sourceTree = "<group>"; };
		163E99F02A21FD36003AA31C /* jiinzu.mp3 */ = {isa = PBXFileReference; lastKnownFileType = audio.mp3; name = jiinzu.mp3; path = "../../../../../Desktop/Vocab audio files_KATAKANA APP/jiinzu.mp3"; sourceTree = "<group>"; };
		163E99F12A21FD36003AA31C /* hanbaagaa.mp3 */ = {isa = PBXFileReference; lastKnownFileType = audio.mp3; name = hanbaagaa.mp3; path = "../../../../../Desktop/Vocab audio files_KATAKANA APP/hanbaagaa.mp3"; sourceTree = "<group>"; };
		163E99F22A21FD36003AA31C /* oosutoraria.mp3 */ = {isa = PBXFileReference; lastKnownFileType = audio.mp3; name = oosutoraria.mp3; path = "../../../../../Desktop/Vocab audio files_KATAKANA APP/oosutoraria.mp3"; sourceTree = "<group>"; };
		163E99F32A21FD36003AA31C /* beru.mp3 */ = {isa = PBXFileReference; lastKnownFileType = audio.mp3; name = beru.mp3; path = "../../../../../Desktop/Vocab audio files_KATAKANA APP/beru.mp3"; sourceTree = "<group>"; };
		163E99F42A21FD36003AA31C /* sutereo.mp3 */ = {isa = PBXFileReference; lastKnownFileType = audio.mp3; name = sutereo.mp3; path = "../../../../../Desktop/Vocab audio files_KATAKANA APP/sutereo.mp3"; sourceTree = "<group>"; };
		163E99F52A21FD36003AA31C /* miruku.mp3 */ = {isa = PBXFileReference; lastKnownFileType = audio.mp3; name = miruku.mp3; path = "../../../../../Desktop/Vocab audio files_KATAKANA APP/miruku.mp3"; sourceTree = "<group>"; };
		163E99F62A21FD36003AA31C /* moderu.mp3 */ = {isa = PBXFileReference; lastKnownFileType = audio.mp3; name = moderu.mp3; path = "../../../../../Desktop/Vocab audio files_KATAKANA APP/moderu.mp3"; sourceTree = "<group>"; };
		163E99F72A21FD36003AA31C /* sofuto.mp3 */ = {isa = PBXFileReference; lastKnownFileType = audio.mp3; name = sofuto.mp3; path = "../../../../../Desktop/Vocab audio files_KATAKANA APP/sofuto.mp3"; sourceTree = "<group>"; };
		163E99F82A21FD36003AA31C /* supootsu.mp3 */ = {isa = PBXFileReference; lastKnownFileType = audio.mp3; name = supootsu.mp3; path = "../../../../../Desktop/Vocab audio files_KATAKANA APP/supootsu.mp3"; sourceTree = "<group>"; };
		163E99F92A21FD36003AA31C /* piano.mp3 */ = {isa = PBXFileReference; lastKnownFileType = audio.mp3; name = piano.mp3; path = "../../../../../Desktop/Vocab audio files_KATAKANA APP/piano.mp3"; sourceTree = "<group>"; };
		163E99FA2A21FD36003AA31C /* geeto.mp3 */ = {isa = PBXFileReference; lastKnownFileType = audio.mp3; name = geeto.mp3; path = "../../../../../Desktop/Vocab audio files_KATAKANA APP/geeto.mp3"; sourceTree = "<group>"; };
		163E99FB2A21FD36003AA31C /* tomato.mp3 */ = {isa = PBXFileReference; lastKnownFileType = audio.mp3; name = tomato.mp3; path = "../../../../../Desktop/Vocab audio files_KATAKANA APP/tomato.mp3"; sourceTree = "<group>"; };
		163E99FC2A21FD36003AA31C /* gorufu.mp3 */ = {isa = PBXFileReference; lastKnownFileType = audio.mp3; name = gorufu.mp3; path = "../../../../../Desktop/Vocab audio files_KATAKANA APP/gorufu.mp3"; sourceTree = "<group>"; };
		163E99FD2A21FD36003AA31C /* piza.mp3 */ = {isa = PBXFileReference; lastKnownFileType = audio.mp3; name = piza.mp3; path = "../../../../../Desktop/Vocab audio files_KATAKANA APP/piza.mp3"; sourceTree = "<group>"; };
		163E99FE2A21FD36003AA31C /* petto.mp3 */ = {isa = PBXFileReference; lastKnownFileType = audio.mp3; name = petto.mp3; path = "../../../../../Desktop/Vocab audio files_KATAKANA APP/petto.mp3"; sourceTree = "<group>"; };
		163E99FF2A21FD36003AA31C /* pinku.mp3 */ = {isa = PBXFileReference; lastKnownFileType = audio.mp3; name = pinku.mp3; path = "../../../../../Desktop/Vocab audio files_KATAKANA APP/pinku.mp3"; sourceTree = "<group>"; };
		163E9A002A21FD36003AA31C /* toreeningu.mp3 */ = {isa = PBXFileReference; lastKnownFileType = audio.mp3; name = toreeningu.mp3; path = "../../../../../Desktop/Vocab audio files_KATAKANA APP/toreeningu.mp3"; sourceTree = "<group>"; };
		163E9A012A21FD36003AA31C /* nuudoru.mp3 */ = {isa = PBXFileReference; lastKnownFileType = audio.mp3; name = nuudoru.mp3; path = "../../../../../Desktop/Vocab audio files_KATAKANA APP/nuudoru.mp3"; sourceTree = "<group>"; };
		163E9A022A21FD36003AA31C /* meron.mp3 */ = {isa = PBXFileReference; lastKnownFileType = audio.mp3; name = meron.mp3; path = "../../../../../Desktop/Vocab audio files_KATAKANA APP/meron.mp3"; sourceTree = "<group>"; };
		163E9A032A21FD36003AA31C /* saafuboodo.mp3 */ = {isa = PBXFileReference; lastKnownFileType = audio.mp3; name = saafuboodo.mp3; path = "../../../../../Desktop/Vocab audio files_KATAKANA APP/saafuboodo.mp3"; sourceTree = "<group>"; };
		163E9A042A21FD36003AA31C /* kamera.mp3 */ = {isa = PBXFileReference; lastKnownFileType = audio.mp3; name = kamera.mp3; path = "../../../../../Desktop/Vocab audio files_KATAKANA APP/kamera.mp3"; sourceTree = "<group>"; };
		163E9A052A21FD36003AA31C /* doramu.mp3 */ = {isa = PBXFileReference; lastKnownFileType = audio.mp3; name = doramu.mp3; path = "../../../../../Desktop/Vocab audio files_KATAKANA APP/doramu.mp3"; sourceTree = "<group>"; };
		163E9A062A21FD37003AA31C /* guruupu.mp3 */ = {isa = PBXFileReference; lastKnownFileType = audio.mp3; name = guruupu.mp3; path = "../../../../../Desktop/Vocab audio files_KATAKANA APP/guruupu.mp3"; sourceTree = "<group>"; };
		163E9A072A21FD37003AA31C /* tesuto.mp3 */ = {isa = PBXFileReference; lastKnownFileType = audio.mp3; name = tesuto.mp3; path = "../../../../../Desktop/Vocab audio files_KATAKANA APP/tesuto.mp3"; sourceTree = "<group>"; };
		163E9A082A21FD37003AA31C /* erebeetaa.mp3 */ = {isa = PBXFileReference; lastKnownFileType = audio.mp3; name = erebeetaa.mp3; path = "../../../../../Desktop/Vocab audio files_KATAKANA APP/erebeetaa.mp3"; sourceTree = "<group>"; };
		163E9A092A21FD37003AA31C /* toire.mp3 */ = {isa = PBXFileReference; lastKnownFileType = audio.mp3; name = toire.mp3; path = "../../../../../Desktop/Vocab audio files_KATAKANA APP/toire.mp3"; sourceTree = "<group>"; };
		163E9A0A2A21FD37003AA31C /* koora.mp3 */ = {isa = PBXFileReference; lastKnownFileType = audio.mp3; name = koora.mp3; path = "../../../../../Desktop/Vocab audio files_KATAKANA APP/koora.mp3"; sourceTree = "<group>"; };
		163E9A0B2A21FD37003AA31C /* geemu.mp3 */ = {isa = PBXFileReference; lastKnownFileType = audio.mp3; name = geemu.mp3; path = "../../../../../Desktop/Vocab audio files_KATAKANA APP/geemu.mp3"; sourceTree = "<group>"; };
		163E9A0C2A21FD37003AA31C /* benchi.mp3 */ = {isa = PBXFileReference; lastKnownFileType = audio.mp3; name = benchi.mp3; path = "../../../../../Desktop/Vocab audio files_KATAKANA APP/benchi.mp3"; sourceTree = "<group>"; };
		163E9A0D2A21FD37003AA31C /* gurasu.mp3 */ = {isa = PBXFileReference; lastKnownFileType = audio.mp3; name = gurasu.mp3; path = "../../../../../Desktop/Vocab audio files_KATAKANA APP/gurasu.mp3"; sourceTree = "<group>"; };
		163E9A0E2A21FD37003AA31C /* furansu.mp3 */ = {isa = PBXFileReference; lastKnownFileType = audio.mp3; name = furansu.mp3; path = "../../../../../Desktop/Vocab audio files_KATAKANA APP/furansu.mp3"; sourceTree = "<group>"; };
		163E9A0F2A21FD37003AA31C /* hoteru.mp3 */ = {isa = PBXFileReference; lastKnownFileType = audio.mp3; name = hoteru.mp3; path = "../../../../../Desktop/Vocab audio files_KATAKANA APP/hoteru.mp3"; sourceTree = "<group>"; };
		163E9A102A21FD37003AA31C /* kaado.mp3 */ = {isa = PBXFileReference; lastKnownFileType = audio.mp3; name = kaado.mp3; path = "../../../../../Desktop/Vocab audio files_KATAKANA APP/kaado.mp3"; sourceTree = "<group>"; };
		163E9A112A21FD37003AA31C /* dezaato.mp3 */ = {isa = PBXFileReference; lastKnownFileType = audio.mp3; name = dezaato.mp3; path = "../../../../../Desktop/Vocab audio files_KATAKANA APP/dezaato.mp3"; sourceTree = "<group>"; };
		163E9A122A21FD37003AA31C /* futtobooru.mp3 */ = {isa = PBXFileReference; lastKnownFileType = audio.mp3; name = futtobooru.mp3; path = "../../../../../Desktop/Vocab audio files_KATAKANA APP/futtobooru.mp3"; sourceTree = "<group>"; };
		163E9A132A21FD37003AA31C /* pasupooto.mp3 */ = {isa = PBXFileReference; lastKnownFileType = audio.mp3; name = pasupooto.mp3; path = "../../../../../Desktop/Vocab audio files_KATAKANA APP/pasupooto.mp3"; sourceTree = "<group>"; };
		163E9A142A21FD37003AA31C /* puuru.mp3 */ = {isa = PBXFileReference; lastKnownFileType = audio.mp3; name = puuru.mp3; path = "../../../../../Desktop/Vocab audio files_KATAKANA APP/puuru.mp3"; sourceTree = "<group>"; };
		163E9A152A21FD37003AA31C /* roopu.mp3 */ = {isa = PBXFileReference; lastKnownFileType = audio.mp3; name = roopu.mp3; path = "../../../../../Desktop/Vocab audio files_KATAKANA APP/roopu.mp3"; sourceTree = "<group>"; };
		163E9A162A21FD37003AA31C /* sakkaa.mp3 */ = {isa = PBXFileReference; lastKnownFileType = audio.mp3; name = sakkaa.mp3; path = "../../../../../Desktop/Vocab audio files_KATAKANA APP/sakkaa.mp3"; sourceTree = "<group>"; };
		163E9A172A21FD37003AA31C /* takushii.mp3 */ = {isa = PBXFileReference; lastKnownFileType = audio.mp3; name = takushii.mp3; path = "../../../../../Desktop/Vocab audio files_KATAKANA APP/takushii.mp3"; sourceTree = "<group>"; };
		163E9A182A21FD37003AA31C /* tento.mp3 */ = {isa = PBXFileReference; lastKnownFileType = audio.mp3; name = tento.mp3; path = "../../../../../Desktop/Vocab audio files_KATAKANA APP/tento.mp3"; sourceTree = "<group>"; };
		163E9A192A21FD37003AA31C /* wain.mp3 */ = {isa = PBXFileReference; lastKnownFileType = audio.mp3; name = wain.mp3; path = "../../../../../Desktop/Vocab audio files_KATAKANA APP/wain.mp3"; sourceTree = "<group>"; };
		163E9A1A2A21FD37003AA31C /* chiimu.mp3 */ = {isa = PBXFileReference; lastKnownFileType = audio.mp3; name = chiimu.mp3; path = "../../../../../Desktop/Vocab audio files_KATAKANA APP/chiimu.mp3"; sourceTree = "<group>"; };
		163E9A1B2A21FD37003AA31C /* pantsu.mp3 */ = {isa = PBXFileReference; lastKnownFileType = audio.mp3; name = pantsu.mp3; path = "../../../../../Desktop/Vocab audio files_KATAKANA APP/pantsu.mp3"; sourceTree = "<group>"; };
		163E9A1C2A21FD37003AA31C /* apaato.mp3 */ = {isa = PBXFileReference; lastKnownFileType = audio.mp3; name = apaato.mp3; path = "../../../../../Desktop/Vocab audio files_KATAKANA APP/apaato.mp3"; sourceTree = "<group>"; };
		163E9A1D2A21FD37003AA31C /* aisukuriimu.mp3 */ = {isa = PBXFileReference; lastKnownFileType = audio.mp3; name = aisukuriimu.mp3; path = "../../../../../Desktop/Vocab audio files_KATAKANA APP/aisukuriimu.mp3"; sourceTree = "<group>"; };
		163E9A1E2A21FD37003AA31C /* shingaa.mp3 */ = {isa = PBXFileReference; lastKnownFileType = audio.mp3; name = shingaa.mp3; path = "../../../../../Desktop/Vocab audio files_KATAKANA APP/shingaa.mp3"; sourceTree = "<group>"; };
		163E9A1F2A21FD37003AA31C /* pasuta.mp3 */ = {isa = PBXFileReference; lastKnownFileType = audio.mp3; name = pasuta.mp3; path = "../../../../../Desktop/Vocab audio files_KATAKANA APP/pasuta.mp3"; sourceTree = "<group>"; };
		163E9A202A21FD37003AA31C /* ruuru.mp3 */ = {isa = PBXFileReference; lastKnownFileType = audio.mp3; name = ruuru.mp3; path = "../../../../../Desktop/Vocab audio files_KATAKANA APP/ruuru.mp3"; sourceTree = "<group>"; };
		163E9A212A21FD37003AA31C /* bando.mp3 */ = {isa = PBXFileReference; lastKnownFileType = audio.mp3; name = bando.mp3; path = "../../../../../Desktop/Vocab audio files_KATAKANA APP/bando.mp3"; sourceTree = "<group>"; };
		163E9A222A21FD37003AA31C /* intaanetto.mp3 */ = {isa = PBXFileReference; lastKnownFileType = audio.mp3; name = intaanetto.mp3; path = "../../../../../Desktop/Vocab audio files_KATAKANA APP/intaanetto.mp3"; sourceTree = "<group>"; };
		163E9A232A21FD37003AA31C /* doa.mp3 */ = {isa = PBXFileReference; lastKnownFileType = audio.mp3; name = doa.mp3; path = "../../../../../Desktop/Vocab audio files_KATAKANA APP/doa.mp3"; sourceTree = "<group>"; };
		163E9A242A21FD37003AA31C /* gamu.mp3 */ = {isa = PBXFileReference; lastKnownFileType = audio.mp3; name = gamu.mp3; path = "../../../../../Desktop/Vocab audio files_KATAKANA APP/gamu.mp3"; sourceTree = "<group>"; };
		163E9A252A21FD37003AA31C /* koohii.mp3 */ = {isa = PBXFileReference; lastKnownFileType = audio.mp3; name = koohii.mp3; path = "../../../../../Desktop/Vocab audio files_KATAKANA APP/koohii.mp3"; sourceTree = "<group>"; };
		163E9A262A21FD38003AA31C /* dansu.mp3 */ = {isa = PBXFileReference; lastKnownFileType = audio.mp3; name = dansu.mp3; path = "../../../../../Desktop/Vocab audio files_KATAKANA APP/dansu.mp3"; sourceTree = "<group>"; };
		163E9A272A21FD38003AA31C /* kii.mp3 */ = {isa = PBXFileReference; lastKnownFileType = audio.mp3; name = kii.mp3; path = "../../../../../Desktop/Vocab audio files_KATAKANA APP/kii.mp3"; sourceTree = "<group>"; };
		163E9A282A21FD38003AA31C /* naifu.mp3 */ = {isa = PBXFileReference; lastKnownFileType = audio.mp3; name = naifu.mp3; path = "../../../../../Desktop/Vocab audio files_KATAKANA APP/naifu.mp3"; sourceTree = "<group>"; };
		163E9A292A21FD38003AA31C /* reji.mp3 */ = {isa = PBXFileReference; lastKnownFileType = audio.mp3; name = reji.mp3; path = "../../../../../Desktop/Vocab audio files_KATAKANA APP/reji.mp3"; sourceTree = "<group>"; };
		163E9A2A2A21FD38003AA31C /* pen.mp3 */ = {isa = PBXFileReference; lastKnownFileType = audio.mp3; name = pen.mp3; path = "../../../../../Desktop/Vocab audio files_KATAKANA APP/pen.mp3"; sourceTree = "<group>"; };
		163E9A2B2A21FD38003AA31C /* remon.mp3 */ = {isa = PBXFileReference; lastKnownFileType = audio.mp3; name = remon.mp3; path = "../../../../../Desktop/Vocab audio files_KATAKANA APP/remon.mp3"; sourceTree = "<group>"; };
		163E9A2C2A21FD38003AA31C /* gitaa.mp3 */ = {isa = PBXFileReference; lastKnownFileType = audio.mp3; name = gitaa.mp3; path = "../../../../../Desktop/Vocab audio files_KATAKANA APP/gitaa.mp3"; sourceTree = "<group>"; };
		163E9A2D2A21FD38003AA31C /* shiito.mp3 */ = {isa = PBXFileReference; lastKnownFileType = audio.mp3; name = shiito.mp3; path = "../../../../../Desktop/Vocab audio files_KATAKANA APP/shiito.mp3"; sourceTree = "<group>"; };
		163E9A2E2A21FD38003AA31C /* suteeki.mp3 */ = {isa = PBXFileReference; lastKnownFileType = audio.mp3; name = suteeki.mp3; path = "../../../../../Desktop/Vocab audio files_KATAKANA APP/suteeki.mp3"; sourceTree = "<group>"; };
		163E9A2F2A21FD38003AA31C /* beddo.mp3 */ = {isa = PBXFileReference; lastKnownFileType = audio.mp3; name = beddo.mp3; path = "../../../../../Desktop/Vocab audio files_KATAKANA APP/beddo.mp3"; sourceTree = "<group>"; };
		163E9A302A21FD38003AA31C /* netto.mp3 */ = {isa = PBXFileReference; lastKnownFileType = audio.mp3; name = netto.mp3; path = "../../../../../Desktop/Vocab audio files_KATAKANA APP/netto.mp3"; sourceTree = "<group>"; };
		163E9A312A21FD38003AA31C /* kurisumasu.mp3 */ = {isa = PBXFileReference; lastKnownFileType = audio.mp3; name = kurisumasu.mp3; path = "../../../../../Desktop/Vocab audio files_KATAKANA APP/kurisumasu.mp3"; sourceTree = "<group>"; };
		163E9A322A21FD38003AA31C /* setto.mp3 */ = {isa = PBXFileReference; lastKnownFileType = audio.mp3; name = setto.mp3; path = "../../../../../Desktop/Vocab audio files_KATAKANA APP/setto.mp3"; sourceTree = "<group>"; };
		163E9A332A21FD38003AA31C /* booringu.mp3 */ = {isa = PBXFileReference; lastKnownFileType = audio.mp3; name = booringu.mp3; path = "../../../../../Desktop/Vocab audio files_KATAKANA APP/booringu.mp3"; sourceTree = "<group>"; };
		163E9A342A21FD38003AA31C /* keesu.mp3 */ = {isa = PBXFileReference; lastKnownFileType = audio.mp3; name = keesu.mp3; path = "../../../../../Desktop/Vocab audio files_KATAKANA APP/keesu.mp3"; sourceTree = "<group>"; };
		163E9A352A21FD38003AA31C /* gifuto.mp3 */ = {isa = PBXFileReference; lastKnownFileType = audio.mp3; name = gifuto.mp3; path = "../../../../../Desktop/Vocab audio files_KATAKANA APP/gifuto.mp3"; sourceTree = "<group>"; };
		163E9A362A21FD38003AA31C /* keeki.mp3 */ = {isa = PBXFileReference; lastKnownFileType = audio.mp3; name = keeki.mp3; path = "../../../../../Desktop/Vocab audio files_KATAKANA APP/keeki.mp3"; sourceTree = "<group>"; };
		163E9A372A21FD38003AA31C /* miitopai.mp3 */ = {isa = PBXFileReference; lastKnownFileType = audio.mp3; name = miitopai.mp3; path = "../../../../../Desktop/Vocab audio files_KATAKANA APP/miitopai.mp3"; sourceTree = "<group>"; };
		163E9A382A21FD38003AA31C /* puramu.mp3 */ = {isa = PBXFileReference; lastKnownFileType = audio.mp3; name = puramu.mp3; path = "../../../../../Desktop/Vocab audio files_KATAKANA APP/puramu.mp3"; sourceTree = "<group>"; };
		163E9A392A21FD38003AA31C /* rain.mp3 */ = {isa = PBXFileReference; lastKnownFileType = audio.mp3; name = rain.mp3; path = "../../../../../Desktop/Vocab audio files_KATAKANA APP/rain.mp3"; sourceTree = "<group>"; };
		163E9A3A2A21FD38003AA31C /* roketto.mp3 */ = {isa = PBXFileReference; lastKnownFileType = audio.mp3; name = roketto.mp3; path = "../../../../../Desktop/Vocab audio files_KATAKANA APP/roketto.mp3"; sourceTree = "<group>"; };
		163E9A3B2A21FD38003AA31C /* tenisu.mp3 */ = {isa = PBXFileReference; lastKnownFileType = audio.mp3; name = tenisu.mp3; path = "../../../../../Desktop/Vocab audio files_KATAKANA APP/tenisu.mp3"; sourceTree = "<group>"; };
		163E9A3C2A21FD38003AA31C /* depaato.mp3 */ = {isa = PBXFileReference; lastKnownFileType = audio.mp3; name = depaato.mp3; path = "../../../../../Desktop/Vocab audio files_KATAKANA APP/depaato.mp3"; sourceTree = "<group>"; };
		163E9A3D2A21FD38003AA31C /* hiitaa.mp3 */ = {isa = PBXFileReference; lastKnownFileType = audio.mp3; name = hiitaa.mp3; path = "../../../../../Desktop/Vocab audio files_KATAKANA APP/hiitaa.mp3"; sourceTree = "<group>"; };
		163E9A3E2A21FD38003AA31C /* resutoran.mp3 */ = {isa = PBXFileReference; lastKnownFileType = audio.mp3; name = resutoran.mp3; path = "../../../../../Desktop/Vocab audio files_KATAKANA APP/resutoran.mp3"; sourceTree = "<group>"; };
		163E9A3F2A21FD38003AA31C /* chiizu.mp3 */ = {isa = PBXFileReference; lastKnownFileType = audio.mp3; name = chiizu.mp3; path = "../../../../../Desktop/Vocab audio files_KATAKANA APP/chiizu.mp3"; sourceTree = "<group>"; };
		163E9A402A21FD38003AA31C /* poteto.mp3 */ = {isa = PBXFileReference; lastKnownFileType = audio.mp3; name = poteto.mp3; path = "../../../../../Desktop/Vocab audio files_KATAKANA APP/poteto.mp3"; sourceTree = "<group>"; };
		163E9A412A21FD38003AA31C /* sarada.mp3 */ = {isa = PBXFileReference; lastKnownFileType = audio.mp3; name = sarada.mp3; path = "../../../../../Desktop/Vocab audio files_KATAKANA APP/sarada.mp3"; sourceTree = "<group>"; };
		163E9A422A21FD38003AA31C /* seetaa.mp3 */ = {isa = PBXFileReference; lastKnownFileType = audio.mp3; name = seetaa.mp3; path = "../../../../../Desktop/Vocab audio files_KATAKANA APP/seetaa.mp3"; sourceTree = "<group>"; };
		163E9A432A21FD38003AA31C /* kurasu.mp3 */ = {isa = PBXFileReference; lastKnownFileType = audio.mp3; name = kurasu.mp3; path = "../../../../../Desktop/Vocab audio files_KATAKANA APP/kurasu.mp3"; sourceTree = "<group>"; };
		163E9A442A21FD38003AA31C /* kanada.mp3 */ = {isa = PBXFileReference; lastKnownFileType = audio.mp3; name = kanada.mp3; path = "../../../../../Desktop/Vocab audio files_KATAKANA APP/kanada.mp3"; sourceTree = "<group>"; };
		163E9A452A21FD38003AA31C /* basu.mp3 */ = {isa = PBXFileReference; lastKnownFileType = audio.mp3; name = basu.mp3; path = "../../../../../Desktop/Vocab audio files_KATAKANA APP/basu.mp3"; sourceTree = "<group>"; };
		163E9A462A21FD39003AA31C /* biiru.mp3 */ = {isa = PBXFileReference; lastKnownFileType = audio.mp3; name = biiru.mp3; path = "../../../../../Desktop/Vocab audio files_KATAKANA APP/biiru.mp3"; sourceTree = "<group>"; };
		163E9A472A21FD39003AA31C /* orenji.mp3 */ = {isa = PBXFileReference; lastKnownFileType = audio.mp3; name = orenji.mp3; path = "../../../../../Desktop/Vocab audio files_KATAKANA APP/orenji.mp3"; sourceTree = "<group>"; };
		164292692A20A39200B49BCA /* Error.wav */ = {isa = PBXFileReference; lastKnownFileType = audio.wav; name = Error.wav; path = ../../../../../Desktop/Sounds/Error.wav; sourceTree = "<group>"; };
		1642926A2A20A39200B49BCA /* Win.wav */ = {isa = PBXFileReference; lastKnownFileType = audio.wav; name = Win.wav; path = ../../../../../Desktop/Sounds/Win.wav; sourceTree = "<group>"; };
		16B93A012A0CD4B700AAEC70 /* Game5MainView.swift */ = {isa = PBXFileReference; lastKnownFileType = sourcecode.swift; path = Game5MainView.swift; sourceTree = "<group>"; };
		16B93A032A0CD64D00AAEC70 /* Game5ScreenView.swift */ = {isa = PBXFileReference; lastKnownFileType = sourcecode.swift; path = Game5ScreenView.swift; sourceTree = "<group>"; };
		3E2EB0D62A03252B0025ACBB /* landingView.swift */ = {isa = PBXFileReference; lastKnownFileType = sourcecode.swift; path = landingView.swift; sourceTree = "<group>"; };
		3E451A8829FF4E33000653D3 /* KatakanaFlashcardsView.swift */ = {isa = PBXFileReference; lastKnownFileType = sourcecode.swift; path = KatakanaFlashcardsView.swift; sourceTree = "<group>"; };
		3E451A8A29FF50E3000653D3 /* Game1View.swift */ = {isa = PBXFileReference; lastKnownFileType = sourcecode.swift; path = Game1View.swift; sourceTree = "<group>"; };
		3E451A8C29FF52BB000653D3 /* Game2View.swift */ = {isa = PBXFileReference; lastKnownFileType = sourcecode.swift; path = Game2View.swift; sourceTree = "<group>"; };
		3E451A8E29FF52CA000653D3 /* Game3View.swift */ = {isa = PBXFileReference; lastKnownFileType = sourcecode.swift; path = Game3View.swift; sourceTree = "<group>"; };
		3E451A9029FF52E0000653D3 /* Game4View.swift */ = {isa = PBXFileReference; lastKnownFileType = sourcecode.swift; path = Game4View.swift; sourceTree = "<group>"; };
		3E451A9229FF52F3000653D3 /* Game5View.swift */ = {isa = PBXFileReference; lastKnownFileType = sourcecode.swift; path = Game5View.swift; sourceTree = "<group>"; };
		3E451A9429FF5310000653D3 /* InfoView.swift */ = {isa = PBXFileReference; lastKnownFileType = sourcecode.swift; path = InfoView.swift; sourceTree = "<group>"; };
		3E5B2D642A0B3BE9004DC079 /* Game4MainView.swift */ = {isa = PBXFileReference; lastKnownFileType = sourcecode.swift; path = Game4MainView.swift; sourceTree = "<group>"; };
		3E5B2D662A0B3C17004DC079 /* GameScreenView.swift */ = {isa = PBXFileReference; lastKnownFileType = sourcecode.swift; path = GameScreenView.swift; sourceTree = "<group>"; };
		3E8268AC2A14A07500F99048 /* GameInfoView.swift */ = {isa = PBXFileReference; lastKnownFileType = sourcecode.swift; path = GameInfoView.swift; sourceTree = "<group>"; };
		3EC6746D29FF4A1100F1C8E3 /* Katakana.app */ = {isa = PBXFileReference; explicitFileType = wrapper.application; includeInIndex = 0; path = Katakana.app; sourceTree = BUILT_PRODUCTS_DIR; };
		3EC6747029FF4A1100F1C8E3 /* KatakanaApp.swift */ = {isa = PBXFileReference; lastKnownFileType = sourcecode.swift; path = KatakanaApp.swift; sourceTree = "<group>"; };
		3EC6747229FF4A1100F1C8E3 /* ContentView.swift */ = {isa = PBXFileReference; lastKnownFileType = sourcecode.swift; path = ContentView.swift; sourceTree = "<group>"; };
		3EC6747429FF4A1200F1C8E3 /* Assets.xcassets */ = {isa = PBXFileReference; lastKnownFileType = folder.assetcatalog; path = Assets.xcassets; sourceTree = "<group>"; };
		3EC6747729FF4A1200F1C8E3 /* Preview Assets.xcassets */ = {isa = PBXFileReference; lastKnownFileType = folder.assetcatalog; path = "Preview Assets.xcassets"; sourceTree = "<group>"; };
		3EC6747929FF4A1200F1C8E3 /* Persistence.swift */ = {isa = PBXFileReference; lastKnownFileType = sourcecode.swift; path = Persistence.swift; sourceTree = "<group>"; };
		3EC6747C29FF4A1200F1C8E3 /* Katakana.xcdatamodel */ = {isa = PBXFileReference; lastKnownFileType = wrapper.xcdatamodel; path = Katakana.xcdatamodel; sourceTree = "<group>"; };
		3EC6748229FF4A1200F1C8E3 /* KatakanaTests.xctest */ = {isa = PBXFileReference; explicitFileType = wrapper.cfbundle; includeInIndex = 0; path = KatakanaTests.xctest; sourceTree = BUILT_PRODUCTS_DIR; };
		3EC6748629FF4A1200F1C8E3 /* KatakanaTests.swift */ = {isa = PBXFileReference; lastKnownFileType = sourcecode.swift; path = KatakanaTests.swift; sourceTree = "<group>"; };
		3EC6748C29FF4A1200F1C8E3 /* KatakanaUITests.xctest */ = {isa = PBXFileReference; explicitFileType = wrapper.cfbundle; includeInIndex = 0; path = KatakanaUITests.xctest; sourceTree = BUILT_PRODUCTS_DIR; };
		3EC6749029FF4A1200F1C8E3 /* KatakanaUITests.swift */ = {isa = PBXFileReference; lastKnownFileType = sourcecode.swift; path = KatakanaUITests.swift; sourceTree = "<group>"; };
		3EC6749229FF4A1200F1C8E3 /* KatakanaUITestsLaunchTests.swift */ = {isa = PBXFileReference; lastKnownFileType = sourcecode.swift; path = KatakanaUITestsLaunchTests.swift; sourceTree = "<group>"; };
		C3A6E8DD2A1C756C00309AE8 /* Game3MainView.swift */ = {isa = PBXFileReference; lastKnownFileType = sourcecode.swift; path = Game3MainView.swift; sourceTree = "<group>"; };
		C3A6E8E12A1C785600309AE8 /* Game3ScreenView.swift */ = {isa = PBXFileReference; lastKnownFileType = sourcecode.swift; path = Game3ScreenView.swift; sourceTree = "<group>"; };
		C3A6E8E32A1C960800309AE8 /* Game3InfoView.swift */ = {isa = PBXFileReference; lastKnownFileType = sourcecode.swift; path = Game3InfoView.swift; sourceTree = "<group>"; };
		C3A6E8E52A1CF6C600309AE8 /* testfile.swift */ = {isa = PBXFileReference; lastKnownFileType = sourcecode.swift; path = testfile.swift; sourceTree = "<group>"; };
/* End PBXFileReference section */

/* Begin PBXFrameworksBuildPhase section */
		3EC6746A29FF4A1100F1C8E3 /* Frameworks */ = {
			isa = PBXFrameworksBuildPhase;
			buildActionMask = 2147483647;
			files = (
				3EB470BA2A09A8170070D5BF /* ConfettiSwiftUI in Frameworks */,
				3EB470BD2A09A9180070D5BF /* EffectsLibrary in Frameworks */,
			);
			runOnlyForDeploymentPostprocessing = 0;
		};
		3EC6747F29FF4A1200F1C8E3 /* Frameworks */ = {
			isa = PBXFrameworksBuildPhase;
			buildActionMask = 2147483647;
			files = (
			);
			runOnlyForDeploymentPostprocessing = 0;
		};
		3EC6748929FF4A1200F1C8E3 /* Frameworks */ = {
			isa = PBXFrameworksBuildPhase;
			buildActionMask = 2147483647;
			files = (
			);
			runOnlyForDeploymentPostprocessing = 0;
		};
/* End PBXFrameworksBuildPhase section */

/* Begin PBXGroup section */
		1615AF7D2A1E165D003E419F /* Sounds */ = {
			isa = PBXGroup;
			children = (
				164292692A20A39200B49BCA /* Error.wav */,
				1642926A2A20A39200B49BCA /* Win.wav */,
			);
			path = Sounds;
			sourceTree = "<group>";
		};
		163E99ED2A21FD23003AA31C /* Vocab audio */ = {
			isa = PBXGroup;
			children = (
				163E9A1D2A21FD37003AA31C /* aisukuriimu.mp3 */,
				163E9A1C2A21FD37003AA31C /* apaato.mp3 */,
				163E99EE2A21FD36003AA31C /* banana.mp3 */,
				163E9A212A21FD37003AA31C /* bando.mp3 */,
				163E9A452A21FD38003AA31C /* basu.mp3 */,
				163E9A2F2A21FD38003AA31C /* beddo.mp3 */,
				163E9A0C2A21FD37003AA31C /* benchi.mp3 */,
				163E99F32A21FD36003AA31C /* beru.mp3 */,
				163E9A462A21FD39003AA31C /* biiru.mp3 */,
				163E9A332A21FD38003AA31C /* booringu.mp3 */,
				163E9A1A2A21FD37003AA31C /* chiimu.mp3 */,
				163E9A3F2A21FD38003AA31C /* chiizu.mp3 */,
				163E9A262A21FD38003AA31C /* dansu.mp3 */,
				163E99EF2A21FD36003AA31C /* deeto.mp3 */,
				163E9A3C2A21FD38003AA31C /* depaato.mp3 */,
				163E9A112A21FD37003AA31C /* dezaato.mp3 */,
				163E9A232A21FD37003AA31C /* doa.mp3 */,
				163E9A052A21FD36003AA31C /* doramu.mp3 */,
				163E9A082A21FD37003AA31C /* erebeetaa.mp3 */,
				163E9A0E2A21FD37003AA31C /* furansu.mp3 */,
				163E9A122A21FD37003AA31C /* futtobooru.mp3 */,
				163E9A242A21FD37003AA31C /* gamu.mp3 */,
				163E9A0B2A21FD37003AA31C /* geemu.mp3 */,
				163E99FA2A21FD36003AA31C /* geeto.mp3 */,
				163E9A352A21FD38003AA31C /* gifuto.mp3 */,
				163E9A2C2A21FD38003AA31C /* gitaa.mp3 */,
				163E99FC2A21FD36003AA31C /* gorufu.mp3 */,
				163E9A0D2A21FD37003AA31C /* gurasu.mp3 */,
				163E9A062A21FD37003AA31C /* guruupu.mp3 */,
				163E99F12A21FD36003AA31C /* hanbaagaa.mp3 */,
				163E9A3D2A21FD38003AA31C /* hiitaa.mp3 */,
				163E9A0F2A21FD37003AA31C /* hoteru.mp3 */,
				163E9A222A21FD37003AA31C /* intaanetto.mp3 */,
				163E99F02A21FD36003AA31C /* jiinzu.mp3 */,
				163E9A102A21FD37003AA31C /* kaado.mp3 */,
				163E9A042A21FD36003AA31C /* kamera.mp3 */,
				163E9A442A21FD38003AA31C /* kanada.mp3 */,
				163E9A362A21FD38003AA31C /* keeki.mp3 */,
				163E9A342A21FD38003AA31C /* keesu.mp3 */,
				163E9A272A21FD38003AA31C /* kii.mp3 */,
				163E9A252A21FD37003AA31C /* koohii.mp3 */,
				163E9A0A2A21FD37003AA31C /* koora.mp3 */,
				163E9A432A21FD38003AA31C /* kurasu.mp3 */,
				163E9A312A21FD38003AA31C /* kurisumasu.mp3 */,
				163E9A022A21FD36003AA31C /* meron.mp3 */,
				163E9A372A21FD38003AA31C /* miitopai.mp3 */,
				163E99F52A21FD36003AA31C /* miruku.mp3 */,
				163E99F62A21FD36003AA31C /* moderu.mp3 */,
				163E9A282A21FD38003AA31C /* naifu.mp3 */,
				163E9A302A21FD38003AA31C /* netto.mp3 */,
				163E9A012A21FD36003AA31C /* nuudoru.mp3 */,
				163E99F22A21FD36003AA31C /* oosutoraria.mp3 */,
				163E9A472A21FD39003AA31C /* orenji.mp3 */,
				163E9A1B2A21FD37003AA31C /* pantsu.mp3 */,
				163E9A132A21FD37003AA31C /* pasupooto.mp3 */,
				163E9A1F2A21FD37003AA31C /* pasuta.mp3 */,
				163E9A2A2A21FD38003AA31C /* pen.mp3 */,
				163E99FE2A21FD36003AA31C /* petto.mp3 */,
				163E99F92A21FD36003AA31C /* piano.mp3 */,
				163E99FF2A21FD36003AA31C /* pinku.mp3 */,
				163E99FD2A21FD36003AA31C /* piza.mp3 */,
				163E9A402A21FD38003AA31C /* poteto.mp3 */,
				163E9A382A21FD38003AA31C /* puramu.mp3 */,
				163E9A142A21FD37003AA31C /* puuru.mp3 */,
				163E9A392A21FD38003AA31C /* rain.mp3 */,
				163E9A292A21FD38003AA31C /* reji.mp3 */,
				163E9A2B2A21FD38003AA31C /* remon.mp3 */,
				163E9A3E2A21FD38003AA31C /* resutoran.mp3 */,
				163E9A3A2A21FD38003AA31C /* roketto.mp3 */,
				163E9A152A21FD37003AA31C /* roopu.mp3 */,
				163E9A202A21FD37003AA31C /* ruuru.mp3 */,
				163E9A032A21FD36003AA31C /* saafuboodo.mp3 */,
				163E9A162A21FD37003AA31C /* sakkaa.mp3 */,
				163E9A412A21FD38003AA31C /* sarada.mp3 */,
				163E9A422A21FD38003AA31C /* seetaa.mp3 */,
				163E9A322A21FD38003AA31C /* setto.mp3 */,
				163E9A2D2A21FD38003AA31C /* shiito.mp3 */,
				163E9A1E2A21FD37003AA31C /* shingaa.mp3 */,
				163E99F72A21FD36003AA31C /* sofuto.mp3 */,
				163E99F82A21FD36003AA31C /* supootsu.mp3 */,
				163E9A2E2A21FD38003AA31C /* suteeki.mp3 */,
				163E99F42A21FD36003AA31C /* sutereo.mp3 */,
				163E9A172A21FD37003AA31C /* takushii.mp3 */,
				163E9A3B2A21FD38003AA31C /* tenisu.mp3 */,
				163E9A182A21FD37003AA31C /* tento.mp3 */,
				163E9A072A21FD37003AA31C /* tesuto.mp3 */,
				163E9A092A21FD37003AA31C /* toire.mp3 */,
				163E99FB2A21FD36003AA31C /* tomato.mp3 */,
				163E9A002A21FD36003AA31C /* toreeningu.mp3 */,
				163E9A192A21FD37003AA31C /* wain.mp3 */,
			);
			path = "Vocab audio";
			sourceTree = "<group>";
		};
		16B93A002A0CD44800AAEC70 /* Game5View */ = {
			isa = PBXGroup;
			children = (
				16B93A012A0CD4B700AAEC70 /* Game5MainView.swift */,
				16B93A032A0CD64D00AAEC70 /* Game5ScreenView.swift */,
				1615AF882A1E409E003E419F /* Hint.swift */,
				1615AF8A2A1E47AB003E419F /* KataSequence.swift */,
				1615AF8C2A1E4CBC003E419F /* File.swift */,
			);
			path = Game5View;
			sourceTree = "<group>";
		};
		3E5B2D632A0B3BA9004DC079 /* Game4View */ = {
			isa = PBXGroup;
			children = (
				3E5B2D642A0B3BE9004DC079 /* Game4MainView.swift */,
				3E5B2D662A0B3C17004DC079 /* GameScreenView.swift */,
				3E8268AC2A14A07500F99048 /* GameInfoView.swift */,
			);
			path = Game4View;
			sourceTree = "<group>";
		};
		3EC6746429FF4A1100F1C8E3 = {
			isa = PBXGroup;
			children = (
				163E99ED2A21FD23003AA31C /* Vocab audio */,
				1615AF7D2A1E165D003E419F /* Sounds */,
				3EC6746F29FF4A1100F1C8E3 /* Katakana */,
				3EC6748529FF4A1200F1C8E3 /* KatakanaTests */,
				3EC6748F29FF4A1200F1C8E3 /* KatakanaUITests */,
				3EC6746E29FF4A1100F1C8E3 /* Products */,
			);
			sourceTree = "<group>";
		};
		3EC6746E29FF4A1100F1C8E3 /* Products */ = {
			isa = PBXGroup;
			children = (
				3EC6746D29FF4A1100F1C8E3 /* Katakana.app */,
				3EC6748229FF4A1200F1C8E3 /* KatakanaTests.xctest */,
				3EC6748C29FF4A1200F1C8E3 /* KatakanaUITests.xctest */,
			);
			name = Products;
			sourceTree = "<group>";
		};
		3EC6746F29FF4A1100F1C8E3 /* Katakana */ = {
			isa = PBXGroup;
			children = (
				16B93A002A0CD44800AAEC70 /* Game5View */,
				3E5B2D632A0B3BA9004DC079 /* Game4View */,
				3EC6747029FF4A1100F1C8E3 /* KatakanaApp.swift */,
				3EC6747229FF4A1100F1C8E3 /* ContentView.swift */,
				3E2EB0D62A03252B0025ACBB /* landingView.swift */,
				3E451A8C29FF52BB000653D3 /* Game2View.swift */,
				3E451A8E29FF52CA000653D3 /* Game3View.swift */,
				3E451A9029FF52E0000653D3 /* Game4View.swift */,
				3E451A9229FF52F3000653D3 /* Game5View.swift */,
				3E451A9429FF5310000653D3 /* InfoView.swift */,
				3E451A8A29FF50E3000653D3 /* Game1View.swift */,
				3E451A8829FF4E33000653D3 /* KatakanaFlashcardsView.swift */,
				3EC6747429FF4A1200F1C8E3 /* Assets.xcassets */,
				3EC6747929FF4A1200F1C8E3 /* Persistence.swift */,
				C3A6E8DC2A1C752C00309AE8 /* Game3View */,
				3EC6747B29FF4A1200F1C8E3 /* Katakana.xcdatamodeld */,
				3EC6747629FF4A1200F1C8E3 /* Preview Content */,
				C3A6E8E52A1CF6C600309AE8 /* testfile.swift */,
			);
			path = Katakana;
			sourceTree = "<group>";
		};
		3EC6747629FF4A1200F1C8E3 /* Preview Content */ = {
			isa = PBXGroup;
			children = (
				3EC6747729FF4A1200F1C8E3 /* Preview Assets.xcassets */,
			);
			path = "Preview Content";
			sourceTree = "<group>";
		};
		3EC6748529FF4A1200F1C8E3 /* KatakanaTests */ = {
			isa = PBXGroup;
			children = (
				3EC6748629FF4A1200F1C8E3 /* KatakanaTests.swift */,
			);
			path = KatakanaTests;
			sourceTree = "<group>";
		};
		3EC6748F29FF4A1200F1C8E3 /* KatakanaUITests */ = {
			isa = PBXGroup;
			children = (
				3EC6749029FF4A1200F1C8E3 /* KatakanaUITests.swift */,
				3EC6749229FF4A1200F1C8E3 /* KatakanaUITestsLaunchTests.swift */,
			);
			path = KatakanaUITests;
			sourceTree = "<group>";
		};
		C3A6E8DC2A1C752C00309AE8 /* Game3View */ = {
			isa = PBXGroup;
			children = (
				C3A6E8DD2A1C756C00309AE8 /* Game3MainView.swift */,
				C3A6E8E32A1C960800309AE8 /* Game3InfoView.swift */,
				C3A6E8E12A1C785600309AE8 /* Game3ScreenView.swift */,
			);
			path = Game3View;
			sourceTree = "<group>";
		};
/* End PBXGroup section */

/* Begin PBXNativeTarget section */
		3EC6746C29FF4A1100F1C8E3 /* Katakana */ = {
			isa = PBXNativeTarget;
			buildConfigurationList = 3EC6749629FF4A1200F1C8E3 /* Build configuration list for PBXNativeTarget "Katakana" */;
			buildPhases = (
				3EC6746929FF4A1100F1C8E3 /* Sources */,
				3EC6746A29FF4A1100F1C8E3 /* Frameworks */,
				3EC6746B29FF4A1100F1C8E3 /* Resources */,
			);
			buildRules = (
			);
			dependencies = (
			);
			name = Katakana;
			packageProductDependencies = (
				3EB470B92A09A8170070D5BF /* ConfettiSwiftUI */,
				3EB470BC2A09A9180070D5BF /* EffectsLibrary */,
			);
			productName = Katakana;
			productReference = 3EC6746D29FF4A1100F1C8E3 /* Katakana.app */;
			productType = "com.apple.product-type.application";
		};
		3EC6748129FF4A1200F1C8E3 /* KatakanaTests */ = {
			isa = PBXNativeTarget;
			buildConfigurationList = 3EC6749929FF4A1200F1C8E3 /* Build configuration list for PBXNativeTarget "KatakanaTests" */;
			buildPhases = (
				3EC6747E29FF4A1200F1C8E3 /* Sources */,
				3EC6747F29FF4A1200F1C8E3 /* Frameworks */,
				3EC6748029FF4A1200F1C8E3 /* Resources */,
			);
			buildRules = (
			);
			dependencies = (
				3EC6748429FF4A1200F1C8E3 /* PBXTargetDependency */,
			);
			name = KatakanaTests;
			productName = KatakanaTests;
			productReference = 3EC6748229FF4A1200F1C8E3 /* KatakanaTests.xctest */;
			productType = "com.apple.product-type.bundle.unit-test";
		};
		3EC6748B29FF4A1200F1C8E3 /* KatakanaUITests */ = {
			isa = PBXNativeTarget;
			buildConfigurationList = 3EC6749C29FF4A1200F1C8E3 /* Build configuration list for PBXNativeTarget "KatakanaUITests" */;
			buildPhases = (
				3EC6748829FF4A1200F1C8E3 /* Sources */,
				3EC6748929FF4A1200F1C8E3 /* Frameworks */,
				3EC6748A29FF4A1200F1C8E3 /* Resources */,
			);
			buildRules = (
			);
			dependencies = (
				3EC6748E29FF4A1200F1C8E3 /* PBXTargetDependency */,
			);
			name = KatakanaUITests;
			productName = KatakanaUITests;
			productReference = 3EC6748C29FF4A1200F1C8E3 /* KatakanaUITests.xctest */;
			productType = "com.apple.product-type.bundle.ui-testing";
		};
/* End PBXNativeTarget section */

/* Begin PBXProject section */
		3EC6746529FF4A1100F1C8E3 /* Project object */ = {
			isa = PBXProject;
			attributes = {
				BuildIndependentTargetsInParallel = 1;
				LastSwiftUpdateCheck = 1430;
				LastUpgradeCheck = 1430;
				TargetAttributes = {
					3EC6746C29FF4A1100F1C8E3 = {
						CreatedOnToolsVersion = 14.3;
					};
					3EC6748129FF4A1200F1C8E3 = {
						CreatedOnToolsVersion = 14.3;
						TestTargetID = 3EC6746C29FF4A1100F1C8E3;
					};
					3EC6748B29FF4A1200F1C8E3 = {
						CreatedOnToolsVersion = 14.3;
						TestTargetID = 3EC6746C29FF4A1100F1C8E3;
					};
				};
			};
			buildConfigurationList = 3EC6746829FF4A1100F1C8E3 /* Build configuration list for PBXProject "Katakana" */;
			compatibilityVersion = "Xcode 14.0";
			developmentRegion = en;
			hasScannedForEncodings = 0;
			knownRegions = (
				en,
				Base,
			);
			mainGroup = 3EC6746429FF4A1100F1C8E3;
			packageReferences = (
				3EB470B82A09A8170070D5BF /* XCRemoteSwiftPackageReference "ConfettiSwiftUI" */,
				3EB470BB2A09A9180070D5BF /* XCRemoteSwiftPackageReference "effects-library" */,
			);
			productRefGroup = 3EC6746E29FF4A1100F1C8E3 /* Products */;
			projectDirPath = "";
			projectRoot = "";
			targets = (
				3EC6746C29FF4A1100F1C8E3 /* Katakana */,
				3EC6748129FF4A1200F1C8E3 /* KatakanaTests */,
				3EC6748B29FF4A1200F1C8E3 /* KatakanaUITests */,
			);
		};
/* End PBXProject section */

/* Begin PBXResourcesBuildPhase section */
		3EC6746B29FF4A1100F1C8E3 /* Resources */ = {
			isa = PBXResourcesBuildPhase;
			buildActionMask = 2147483647;
			files = (
				163E9A5F2A21FD39003AA31C /* doramu.mp3 in Resources */,
				163E9A7D2A21FD39003AA31C /* doa.mp3 in Resources */,
				163E9A982A21FD39003AA31C /* resutoran.mp3 in Resources */,
				163E9A952A21FD39003AA31C /* tenisu.mp3 in Resources */,
				1642926B2A20A39200B49BCA /* Error.wav in Resources */,
				163E9A652A21FD39003AA31C /* geemu.mp3 in Resources */,
				163E9A962A21FD39003AA31C /* depaato.mp3 in Resources */,
				163E9A7B2A21FD39003AA31C /* bando.mp3 in Resources */,
				163E9A7C2A21FD39003AA31C /* intaanetto.mp3 in Resources */,
				1642926C2A20A39200B49BCA /* Win.wav in Resources */,
				163E9A702A21FD39003AA31C /* sakkaa.mp3 in Resources */,
				163E9A742A21FD39003AA31C /* chiimu.mp3 in Resources */,
				163E9A792A21FD39003AA31C /* pasuta.mp3 in Resources */,
				163E9A732A21FD39003AA31C /* wain.mp3 in Resources */,
				163E9A6F2A21FD39003AA31C /* roopu.mp3 in Resources */,
				163E9A712A21FD39003AA31C /* takushii.mp3 in Resources */,
				163E9A8B2A21FD39003AA31C /* kurisumasu.mp3 in Resources */,
				163E9A602A21FD39003AA31C /* guruupu.mp3 in Resources */,
				163E9A592A21FD39003AA31C /* pinku.mp3 in Resources */,
				163E9A932A21FD39003AA31C /* rain.mp3 in Resources */,
				163E9A8A2A21FD39003AA31C /* netto.mp3 in Resources */,
				163E9A8C2A21FD39003AA31C /* setto.mp3 in Resources */,
				163E9A522A21FD39003AA31C /* supootsu.mp3 in Resources */,
				163E9A6A2A21FD39003AA31C /* kaado.mp3 in Resources */,
				163E9A862A21FD39003AA31C /* gitaa.mp3 in Resources */,
				3EC6747829FF4A1200F1C8E3 /* Preview Assets.xcassets in Resources */,
				163E9A822A21FD39003AA31C /* naifu.mp3 in Resources */,
				163E9A6D2A21FD39003AA31C /* pasupooto.mp3 in Resources */,
				163E9A6C2A21FD39003AA31C /* futtobooru.mp3 in Resources */,
				163E9A9D2A21FD39003AA31C /* kurasu.mp3 in Resources */,
				163E9A942A21FD39003AA31C /* roketto.mp3 in Resources */,
				163E9A6B2A21FD39003AA31C /* dezaato.mp3 in Resources */,
				163E9A542A21FD39003AA31C /* geeto.mp3 in Resources */,
				163E9A692A21FD39003AA31C /* hoteru.mp3 in Resources */,
				163E9A4C2A21FD39003AA31C /* oosutoraria.mp3 in Resources */,
				163E9A8D2A21FD39003AA31C /* booringu.mp3 in Resources */,
				163E9A6E2A21FD39003AA31C /* puuru.mp3 in Resources */,
				163E9A922A21FD39003AA31C /* puramu.mp3 in Resources */,
				163E9A8E2A21FD39003AA31C /* keesu.mp3 in Resources */,
				163E9A882A21FD39003AA31C /* suteeki.mp3 in Resources */,
				163E9A7E2A21FD39003AA31C /* gamu.mp3 in Resources */,
				163E9AA02A21FD39003AA31C /* biiru.mp3 in Resources */,
				163E9A802A21FD39003AA31C /* dansu.mp3 in Resources */,
				163E9A572A21FD39003AA31C /* piza.mp3 in Resources */,
				163E9A7F2A21FD39003AA31C /* koohii.mp3 in Resources */,
				163E9A672A21FD39003AA31C /* gurasu.mp3 in Resources */,
				163E9A8F2A21FD39003AA31C /* gifuto.mp3 in Resources */,
				163E9A632A21FD39003AA31C /* toire.mp3 in Resources */,
				163E9A4A2A21FD39003AA31C /* jiinzu.mp3 in Resources */,
				163E9A622A21FD39003AA31C /* erebeetaa.mp3 in Resources */,
				3EC6747529FF4A1200F1C8E3 /* Assets.xcassets in Resources */,
				163E9A682A21FD39003AA31C /* furansu.mp3 in Resources */,
				163E9A4D2A21FD39003AA31C /* beru.mp3 in Resources */,
				163E9A492A21FD39003AA31C /* deeto.mp3 in Resources */,
				163E9A762A21FD39003AA31C /* apaato.mp3 in Resources */,
				163E9A512A21FD39003AA31C /* sofuto.mp3 in Resources */,
				163E9A852A21FD39003AA31C /* remon.mp3 in Resources */,
				163E9A482A21FD39003AA31C /* banana.mp3 in Resources */,
				163E9A772A21FD39003AA31C /* aisukuriimu.mp3 in Resources */,
				163E9A552A21FD39003AA31C /* tomato.mp3 in Resources */,
				163E9A5E2A21FD39003AA31C /* kamera.mp3 in Resources */,
				163E9A782A21FD39003AA31C /* shingaa.mp3 in Resources */,
				163E9A912A21FD39003AA31C /* miitopai.mp3 in Resources */,
				163E9AA12A21FD39003AA31C /* orenji.mp3 in Resources */,
				163E9A4F2A21FD39003AA31C /* miruku.mp3 in Resources */,
				163E9A872A21FD39003AA31C /* shiito.mp3 in Resources */,
				163E9A752A21FD39003AA31C /* pantsu.mp3 in Resources */,
				163E9A562A21FD39003AA31C /* gorufu.mp3 in Resources */,
				163E9A832A21FD39003AA31C /* reji.mp3 in Resources */,
				163E9A722A21FD39003AA31C /* tento.mp3 in Resources */,
				163E9A4B2A21FD39003AA31C /* hanbaagaa.mp3 in Resources */,
				163E9A9B2A21FD39003AA31C /* sarada.mp3 in Resources */,
				163E9A582A21FD39003AA31C /* petto.mp3 in Resources */,
				163E9A5B2A21FD39003AA31C /* nuudoru.mp3 in Resources */,
				163E9A4E2A21FD39003AA31C /* sutereo.mp3 in Resources */,
				163E9A5D2A21FD39003AA31C /* saafuboodo.mp3 in Resources */,
				163E9A662A21FD39003AA31C /* benchi.mp3 in Resources */,
				163E9A9E2A21FD39003AA31C /* kanada.mp3 in Resources */,
				163E9A902A21FD39003AA31C /* keeki.mp3 in Resources */,
				163E9A812A21FD39003AA31C /* kii.mp3 in Resources */,
				163E9A9A2A21FD39003AA31C /* poteto.mp3 in Resources */,
				163E9A532A21FD39003AA31C /* piano.mp3 in Resources */,
				163E9A5A2A21FD39003AA31C /* toreeningu.mp3 in Resources */,
				163E9A972A21FD39003AA31C /* hiitaa.mp3 in Resources */,
				163E9A502A21FD39003AA31C /* moderu.mp3 in Resources */,
				163E9A612A21FD39003AA31C /* tesuto.mp3 in Resources */,
				163E9A992A21FD39003AA31C /* chiizu.mp3 in Resources */,
				163E9A842A21FD39003AA31C /* pen.mp3 in Resources */,
				163E9A642A21FD39003AA31C /* koora.mp3 in Resources */,
				163E9A892A21FD39003AA31C /* beddo.mp3 in Resources */,
				163E9A9C2A21FD39003AA31C /* seetaa.mp3 in Resources */,
				163E9A9F2A21FD39003AA31C /* basu.mp3 in Resources */,
				163E9A7A2A21FD39003AA31C /* ruuru.mp3 in Resources */,
				163E9A5C2A21FD39003AA31C /* meron.mp3 in Resources */,
			);
			runOnlyForDeploymentPostprocessing = 0;
		};
		3EC6748029FF4A1200F1C8E3 /* Resources */ = {
			isa = PBXResourcesBuildPhase;
			buildActionMask = 2147483647;
			files = (
			);
			runOnlyForDeploymentPostprocessing = 0;
		};
		3EC6748A29FF4A1200F1C8E3 /* Resources */ = {
			isa = PBXResourcesBuildPhase;
			buildActionMask = 2147483647;
			files = (
			);
			runOnlyForDeploymentPostprocessing = 0;
		};
/* End PBXResourcesBuildPhase section */

/* Begin PBXSourcesBuildPhase section */
		3EC6746929FF4A1100F1C8E3 /* Sources */ = {
			isa = PBXSourcesBuildPhase;
			buildActionMask = 2147483647;
			files = (
				3EC6747A29FF4A1200F1C8E3 /* Persistence.swift in Sources */,
				3E451A9529FF5310000653D3 /* InfoView.swift in Sources */,
				3E5B2D672A0B3C17004DC079 /* GameScreenView.swift in Sources */,
				1615AF8B2A1E47AB003E419F /* KataSequence.swift in Sources */,
				3E451A8D29FF52BB000653D3 /* Game2View.swift in Sources */,
				16B93A022A0CD4B700AAEC70 /* Game5MainView.swift in Sources */,
				3E8268AD2A14A07500F99048 /* GameInfoView.swift in Sources */,
				3E451A8F29FF52CA000653D3 /* Game3View.swift in Sources */,
				C3A6E8DE2A1C756C00309AE8 /* Game3MainView.swift in Sources */,
				3E5B2D652A0B3BE9004DC079 /* Game4MainView.swift in Sources */,
				3E2EB0D72A03252B0025ACBB /* landingView.swift in Sources */,
				C3A6E8E42A1C960800309AE8 /* Game3InfoView.swift in Sources */,
				3EC6747D29FF4A1200F1C8E3 /* Katakana.xcdatamodeld in Sources */,
				1615AF8D2A1E4CBC003E419F /* File.swift in Sources */,
				3E451A8929FF4E33000653D3 /* KatakanaFlashcardsView.swift in Sources */,
				C3A6E8E22A1C785600309AE8 /* Game3ScreenView.swift in Sources */,
				16B93A042A0CD64D00AAEC70 /* Game5ScreenView.swift in Sources */,
				3EC6747329FF4A1100F1C8E3 /* ContentView.swift in Sources */,
				3E451A9129FF52E0000653D3 /* Game4View.swift in Sources */,
				3E451A8B29FF50E3000653D3 /* Game1View.swift in Sources */,
				3E451A9329FF52F3000653D3 /* Game5View.swift in Sources */,
				C3A6E8E62A1CF6C600309AE8 /* testfile.swift in Sources */,
				1615AF892A1E409E003E419F /* Hint.swift in Sources */,
				3EC6747129FF4A1100F1C8E3 /* KatakanaApp.swift in Sources */,
			);
			runOnlyForDeploymentPostprocessing = 0;
		};
		3EC6747E29FF4A1200F1C8E3 /* Sources */ = {
			isa = PBXSourcesBuildPhase;
			buildActionMask = 2147483647;
			files = (
				3EC6748729FF4A1200F1C8E3 /* KatakanaTests.swift in Sources */,
			);
			runOnlyForDeploymentPostprocessing = 0;
		};
		3EC6748829FF4A1200F1C8E3 /* Sources */ = {
			isa = PBXSourcesBuildPhase;
			buildActionMask = 2147483647;
			files = (
				3EC6749329FF4A1200F1C8E3 /* KatakanaUITestsLaunchTests.swift in Sources */,
				3EC6749129FF4A1200F1C8E3 /* KatakanaUITests.swift in Sources */,
			);
			runOnlyForDeploymentPostprocessing = 0;
		};
/* End PBXSourcesBuildPhase section */

/* Begin PBXTargetDependency section */
		3EC6748429FF4A1200F1C8E3 /* PBXTargetDependency */ = {
			isa = PBXTargetDependency;
			target = 3EC6746C29FF4A1100F1C8E3 /* Katakana */;
			targetProxy = 3EC6748329FF4A1200F1C8E3 /* PBXContainerItemProxy */;
		};
		3EC6748E29FF4A1200F1C8E3 /* PBXTargetDependency */ = {
			isa = PBXTargetDependency;
			target = 3EC6746C29FF4A1100F1C8E3 /* Katakana */;
			targetProxy = 3EC6748D29FF4A1200F1C8E3 /* PBXContainerItemProxy */;
		};
/* End PBXTargetDependency section */

/* Begin XCBuildConfiguration section */
		3EC6749429FF4A1200F1C8E3 /* Debug */ = {
			isa = XCBuildConfiguration;
			buildSettings = {
				ALWAYS_SEARCH_USER_PATHS = NO;
				CLANG_ANALYZER_NONNULL = YES;
				CLANG_ANALYZER_NUMBER_OBJECT_CONVERSION = YES_AGGRESSIVE;
				CLANG_CXX_LANGUAGE_STANDARD = "gnu++20";
				CLANG_ENABLE_MODULES = YES;
				CLANG_ENABLE_OBJC_ARC = YES;
				CLANG_ENABLE_OBJC_WEAK = YES;
				CLANG_WARN_BLOCK_CAPTURE_AUTORELEASING = YES;
				CLANG_WARN_BOOL_CONVERSION = YES;
				CLANG_WARN_COMMA = YES;
				CLANG_WARN_CONSTANT_CONVERSION = YES;
				CLANG_WARN_DEPRECATED_OBJC_IMPLEMENTATIONS = YES;
				CLANG_WARN_DIRECT_OBJC_ISA_USAGE = YES_ERROR;
				CLANG_WARN_DOCUMENTATION_COMMENTS = YES;
				CLANG_WARN_EMPTY_BODY = YES;
				CLANG_WARN_ENUM_CONVERSION = YES;
				CLANG_WARN_INFINITE_RECURSION = YES;
				CLANG_WARN_INT_CONVERSION = YES;
				CLANG_WARN_NON_LITERAL_NULL_CONVERSION = YES;
				CLANG_WARN_OBJC_IMPLICIT_RETAIN_SELF = YES;
				CLANG_WARN_OBJC_LITERAL_CONVERSION = YES;
				CLANG_WARN_OBJC_ROOT_CLASS = YES_ERROR;
				CLANG_WARN_QUOTED_INCLUDE_IN_FRAMEWORK_HEADER = YES;
				CLANG_WARN_RANGE_LOOP_ANALYSIS = YES;
				CLANG_WARN_STRICT_PROTOTYPES = YES;
				CLANG_WARN_SUSPICIOUS_MOVE = YES;
				CLANG_WARN_UNGUARDED_AVAILABILITY = YES_AGGRESSIVE;
				CLANG_WARN_UNREACHABLE_CODE = YES;
				CLANG_WARN__DUPLICATE_METHOD_MATCH = YES;
				COPY_PHASE_STRIP = NO;
				DEBUG_INFORMATION_FORMAT = dwarf;
				ENABLE_STRICT_OBJC_MSGSEND = YES;
				ENABLE_TESTABILITY = YES;
				GCC_C_LANGUAGE_STANDARD = gnu11;
				GCC_DYNAMIC_NO_PIC = NO;
				GCC_NO_COMMON_BLOCKS = YES;
				GCC_OPTIMIZATION_LEVEL = 0;
				GCC_PREPROCESSOR_DEFINITIONS = (
					"DEBUG=1",
					"$(inherited)",
				);
				GCC_WARN_64_TO_32_BIT_CONVERSION = YES;
				GCC_WARN_ABOUT_RETURN_TYPE = YES_ERROR;
				GCC_WARN_UNDECLARED_SELECTOR = YES;
				GCC_WARN_UNINITIALIZED_AUTOS = YES_AGGRESSIVE;
				GCC_WARN_UNUSED_FUNCTION = YES;
				GCC_WARN_UNUSED_VARIABLE = YES;
				IPHONEOS_DEPLOYMENT_TARGET = 16.0;
				MTL_ENABLE_DEBUG_INFO = INCLUDE_SOURCE;
				MTL_FAST_MATH = YES;
				ONLY_ACTIVE_ARCH = YES;
				SDKROOT = iphoneos;
				SWIFT_ACTIVE_COMPILATION_CONDITIONS = DEBUG;
				SWIFT_OPTIMIZATION_LEVEL = "-Onone";
			};
			name = Debug;
		};
		3EC6749529FF4A1200F1C8E3 /* Release */ = {
			isa = XCBuildConfiguration;
			buildSettings = {
				ALWAYS_SEARCH_USER_PATHS = NO;
				CLANG_ANALYZER_NONNULL = YES;
				CLANG_ANALYZER_NUMBER_OBJECT_CONVERSION = YES_AGGRESSIVE;
				CLANG_CXX_LANGUAGE_STANDARD = "gnu++20";
				CLANG_ENABLE_MODULES = YES;
				CLANG_ENABLE_OBJC_ARC = YES;
				CLANG_ENABLE_OBJC_WEAK = YES;
				CLANG_WARN_BLOCK_CAPTURE_AUTORELEASING = YES;
				CLANG_WARN_BOOL_CONVERSION = YES;
				CLANG_WARN_COMMA = YES;
				CLANG_WARN_CONSTANT_CONVERSION = YES;
				CLANG_WARN_DEPRECATED_OBJC_IMPLEMENTATIONS = YES;
				CLANG_WARN_DIRECT_OBJC_ISA_USAGE = YES_ERROR;
				CLANG_WARN_DOCUMENTATION_COMMENTS = YES;
				CLANG_WARN_EMPTY_BODY = YES;
				CLANG_WARN_ENUM_CONVERSION = YES;
				CLANG_WARN_INFINITE_RECURSION = YES;
				CLANG_WARN_INT_CONVERSION = YES;
				CLANG_WARN_NON_LITERAL_NULL_CONVERSION = YES;
				CLANG_WARN_OBJC_IMPLICIT_RETAIN_SELF = YES;
				CLANG_WARN_OBJC_LITERAL_CONVERSION = YES;
				CLANG_WARN_OBJC_ROOT_CLASS = YES_ERROR;
				CLANG_WARN_QUOTED_INCLUDE_IN_FRAMEWORK_HEADER = YES;
				CLANG_WARN_RANGE_LOOP_ANALYSIS = YES;
				CLANG_WARN_STRICT_PROTOTYPES = YES;
				CLANG_WARN_SUSPICIOUS_MOVE = YES;
				CLANG_WARN_UNGUARDED_AVAILABILITY = YES_AGGRESSIVE;
				CLANG_WARN_UNREACHABLE_CODE = YES;
				CLANG_WARN__DUPLICATE_METHOD_MATCH = YES;
				COPY_PHASE_STRIP = NO;
				DEBUG_INFORMATION_FORMAT = "dwarf-with-dsym";
				ENABLE_NS_ASSERTIONS = NO;
				ENABLE_STRICT_OBJC_MSGSEND = YES;
				GCC_C_LANGUAGE_STANDARD = gnu11;
				GCC_NO_COMMON_BLOCKS = YES;
				GCC_WARN_64_TO_32_BIT_CONVERSION = YES;
				GCC_WARN_ABOUT_RETURN_TYPE = YES_ERROR;
				GCC_WARN_UNDECLARED_SELECTOR = YES;
				GCC_WARN_UNINITIALIZED_AUTOS = YES_AGGRESSIVE;
				GCC_WARN_UNUSED_FUNCTION = YES;
				GCC_WARN_UNUSED_VARIABLE = YES;
				IPHONEOS_DEPLOYMENT_TARGET = 16.0;
				MTL_ENABLE_DEBUG_INFO = NO;
				MTL_FAST_MATH = YES;
				SDKROOT = iphoneos;
				SWIFT_COMPILATION_MODE = wholemodule;
				SWIFT_OPTIMIZATION_LEVEL = "-O";
				VALIDATE_PRODUCT = YES;
			};
			name = Release;
		};
		3EC6749729FF4A1200F1C8E3 /* Debug */ = {
			isa = XCBuildConfiguration;
			buildSettings = {
				ASSETCATALOG_COMPILER_APPICON_NAME = AppIcon;
				ASSETCATALOG_COMPILER_GLOBAL_ACCENT_COLOR_NAME = AccentColor;
				CODE_SIGN_STYLE = Automatic;
				CURRENT_PROJECT_VERSION = 1;
				DEVELOPMENT_ASSET_PATHS = "\"Katakana/Preview Content\"";
				DEVELOPMENT_TEAM = 4AMK3CUNAZ;
				ENABLE_PREVIEWS = YES;
				GENERATE_INFOPLIST_FILE = YES;
				INFOPLIST_KEY_UIApplicationSceneManifest_Generation = YES;
				INFOPLIST_KEY_UIApplicationSupportsIndirectInputEvents = YES;
				INFOPLIST_KEY_UILaunchScreen_Generation = YES;
				INFOPLIST_KEY_UISupportedInterfaceOrientations_iPad = "UIInterfaceOrientationPortrait UIInterfaceOrientationPortraitUpsideDown UIInterfaceOrientationLandscapeLeft UIInterfaceOrientationLandscapeRight";
				INFOPLIST_KEY_UISupportedInterfaceOrientations_iPhone = "UIInterfaceOrientationPortrait UIInterfaceOrientationLandscapeLeft UIInterfaceOrientationLandscapeRight";
				IPHONEOS_DEPLOYMENT_TARGET = 16.0;
				LD_RUNPATH_SEARCH_PATHS = (
					"$(inherited)",
					"@executable_path/Frameworks",
				);
				MARKETING_VERSION = 1.0;
				PRODUCT_BUNDLE_IDENTIFIER = com.Griffithuni.Katakana;
				PRODUCT_NAME = "$(TARGET_NAME)";
				SWIFT_EMIT_LOC_STRINGS = YES;
				SWIFT_VERSION = 5.0;
				TARGETED_DEVICE_FAMILY = "1,2";
			};
			name = Debug;
		};
		3EC6749829FF4A1200F1C8E3 /* Release */ = {
			isa = XCBuildConfiguration;
			buildSettings = {
				ASSETCATALOG_COMPILER_APPICON_NAME = AppIcon;
				ASSETCATALOG_COMPILER_GLOBAL_ACCENT_COLOR_NAME = AccentColor;
				CODE_SIGN_STYLE = Automatic;
				CURRENT_PROJECT_VERSION = 1;
				DEVELOPMENT_ASSET_PATHS = "\"Katakana/Preview Content\"";
				DEVELOPMENT_TEAM = 4AMK3CUNAZ;
				ENABLE_PREVIEWS = YES;
				GENERATE_INFOPLIST_FILE = YES;
				INFOPLIST_KEY_UIApplicationSceneManifest_Generation = YES;
				INFOPLIST_KEY_UIApplicationSupportsIndirectInputEvents = YES;
				INFOPLIST_KEY_UILaunchScreen_Generation = YES;
				INFOPLIST_KEY_UISupportedInterfaceOrientations_iPad = "UIInterfaceOrientationPortrait UIInterfaceOrientationPortraitUpsideDown UIInterfaceOrientationLandscapeLeft UIInterfaceOrientationLandscapeRight";
				INFOPLIST_KEY_UISupportedInterfaceOrientations_iPhone = "UIInterfaceOrientationPortrait UIInterfaceOrientationLandscapeLeft UIInterfaceOrientationLandscapeRight";
				IPHONEOS_DEPLOYMENT_TARGET = 16.0;
				LD_RUNPATH_SEARCH_PATHS = (
					"$(inherited)",
					"@executable_path/Frameworks",
				);
				MARKETING_VERSION = 1.0;
				PRODUCT_BUNDLE_IDENTIFIER = com.Griffithuni.Katakana;
				PRODUCT_NAME = "$(TARGET_NAME)";
				SWIFT_EMIT_LOC_STRINGS = YES;
				SWIFT_VERSION = 5.0;
				TARGETED_DEVICE_FAMILY = "1,2";
			};
			name = Release;
		};
		3EC6749A29FF4A1200F1C8E3 /* Debug */ = {
			isa = XCBuildConfiguration;
			buildSettings = {
				ALWAYS_EMBED_SWIFT_STANDARD_LIBRARIES = YES;
				BUNDLE_LOADER = "$(TEST_HOST)";
				CODE_SIGN_STYLE = Automatic;
				CURRENT_PROJECT_VERSION = 1;
				GENERATE_INFOPLIST_FILE = YES;
				IPHONEOS_DEPLOYMENT_TARGET = 16.4;
				MARKETING_VERSION = 1.0;
				PRODUCT_BUNDLE_IDENTIFIER = com.Griffithuni.KatakanaTests;
				PRODUCT_NAME = "$(TARGET_NAME)";
				SWIFT_EMIT_LOC_STRINGS = NO;
				SWIFT_VERSION = 5.0;
				TARGETED_DEVICE_FAMILY = "1,2";
				TEST_HOST = "$(BUILT_PRODUCTS_DIR)/Katakana.app/$(BUNDLE_EXECUTABLE_FOLDER_PATH)/Katakana";
			};
			name = Debug;
		};
		3EC6749B29FF4A1200F1C8E3 /* Release */ = {
			isa = XCBuildConfiguration;
			buildSettings = {
				ALWAYS_EMBED_SWIFT_STANDARD_LIBRARIES = YES;
				BUNDLE_LOADER = "$(TEST_HOST)";
				CODE_SIGN_STYLE = Automatic;
				CURRENT_PROJECT_VERSION = 1;
				GENERATE_INFOPLIST_FILE = YES;
				IPHONEOS_DEPLOYMENT_TARGET = 16.4;
				MARKETING_VERSION = 1.0;
				PRODUCT_BUNDLE_IDENTIFIER = com.Griffithuni.KatakanaTests;
				PRODUCT_NAME = "$(TARGET_NAME)";
				SWIFT_EMIT_LOC_STRINGS = NO;
				SWIFT_VERSION = 5.0;
				TARGETED_DEVICE_FAMILY = "1,2";
				TEST_HOST = "$(BUILT_PRODUCTS_DIR)/Katakana.app/$(BUNDLE_EXECUTABLE_FOLDER_PATH)/Katakana";
			};
			name = Release;
		};
		3EC6749D29FF4A1200F1C8E3 /* Debug */ = {
			isa = XCBuildConfiguration;
			buildSettings = {
				ALWAYS_EMBED_SWIFT_STANDARD_LIBRARIES = YES;
				CODE_SIGN_STYLE = Automatic;
				CURRENT_PROJECT_VERSION = 1;
				GENERATE_INFOPLIST_FILE = YES;
				MARKETING_VERSION = 1.0;
				PRODUCT_BUNDLE_IDENTIFIER = com.Griffithuni.KatakanaUITests;
				PRODUCT_NAME = "$(TARGET_NAME)";
				SWIFT_EMIT_LOC_STRINGS = NO;
				SWIFT_VERSION = 5.0;
				TARGETED_DEVICE_FAMILY = "1,2";
				TEST_TARGET_NAME = Katakana;
			};
			name = Debug;
		};
		3EC6749E29FF4A1200F1C8E3 /* Release */ = {
			isa = XCBuildConfiguration;
			buildSettings = {
				ALWAYS_EMBED_SWIFT_STANDARD_LIBRARIES = YES;
				CODE_SIGN_STYLE = Automatic;
				CURRENT_PROJECT_VERSION = 1;
				GENERATE_INFOPLIST_FILE = YES;
				MARKETING_VERSION = 1.0;
				PRODUCT_BUNDLE_IDENTIFIER = com.Griffithuni.KatakanaUITests;
				PRODUCT_NAME = "$(TARGET_NAME)";
				SWIFT_EMIT_LOC_STRINGS = NO;
				SWIFT_VERSION = 5.0;
				TARGETED_DEVICE_FAMILY = "1,2";
				TEST_TARGET_NAME = Katakana;
			};
			name = Release;
		};
/* End XCBuildConfiguration section */

/* Begin XCConfigurationList section */
		3EC6746829FF4A1100F1C8E3 /* Build configuration list for PBXProject "Katakana" */ = {
			isa = XCConfigurationList;
			buildConfigurations = (
				3EC6749429FF4A1200F1C8E3 /* Debug */,
				3EC6749529FF4A1200F1C8E3 /* Release */,
			);
			defaultConfigurationIsVisible = 0;
			defaultConfigurationName = Release;
		};
		3EC6749629FF4A1200F1C8E3 /* Build configuration list for PBXNativeTarget "Katakana" */ = {
			isa = XCConfigurationList;
			buildConfigurations = (
				3EC6749729FF4A1200F1C8E3 /* Debug */,
				3EC6749829FF4A1200F1C8E3 /* Release */,
			);
			defaultConfigurationIsVisible = 0;
			defaultConfigurationName = Release;
		};
		3EC6749929FF4A1200F1C8E3 /* Build configuration list for PBXNativeTarget "KatakanaTests" */ = {
			isa = XCConfigurationList;
			buildConfigurations = (
				3EC6749A29FF4A1200F1C8E3 /* Debug */,
				3EC6749B29FF4A1200F1C8E3 /* Release */,
			);
			defaultConfigurationIsVisible = 0;
			defaultConfigurationName = Release;
		};
		3EC6749C29FF4A1200F1C8E3 /* Build configuration list for PBXNativeTarget "KatakanaUITests" */ = {
			isa = XCConfigurationList;
			buildConfigurations = (
				3EC6749D29FF4A1200F1C8E3 /* Debug */,
				3EC6749E29FF4A1200F1C8E3 /* Release */,
			);
			defaultConfigurationIsVisible = 0;
			defaultConfigurationName = Release;
		};
/* End XCConfigurationList section */

/* Begin XCRemoteSwiftPackageReference section */
		3EB470B82A09A8170070D5BF /* XCRemoteSwiftPackageReference "ConfettiSwiftUI" */ = {
			isa = XCRemoteSwiftPackageReference;
			repositoryURL = "https://github.com/simibac/ConfettiSwiftUI.git";
			requirement = {
				kind = upToNextMajorVersion;
				minimumVersion = 1.0.0;
			};
		};
		3EB470BB2A09A9180070D5BF /* XCRemoteSwiftPackageReference "effects-library" */ = {
			isa = XCRemoteSwiftPackageReference;
			repositoryURL = "https://github.com/GetStream/effects-library.git";
			requirement = {
				kind = upToNextMajorVersion;
				minimumVersion = 1.0.0;
			};
		};
/* End XCRemoteSwiftPackageReference section */

/* Begin XCSwiftPackageProductDependency section */
		3EB470B92A09A8170070D5BF /* ConfettiSwiftUI */ = {
			isa = XCSwiftPackageProductDependency;
			package = 3EB470B82A09A8170070D5BF /* XCRemoteSwiftPackageReference "ConfettiSwiftUI" */;
			productName = ConfettiSwiftUI;
		};
		3EB470BC2A09A9180070D5BF /* EffectsLibrary */ = {
			isa = XCSwiftPackageProductDependency;
			package = 3EB470BB2A09A9180070D5BF /* XCRemoteSwiftPackageReference "effects-library" */;
			productName = EffectsLibrary;
		};
/* End XCSwiftPackageProductDependency section */

/* Begin XCVersionGroup section */
		3EC6747B29FF4A1200F1C8E3 /* Katakana.xcdatamodeld */ = {
			isa = XCVersionGroup;
			children = (
				3EC6747C29FF4A1200F1C8E3 /* Katakana.xcdatamodel */,
			);
			currentVersion = 3EC6747C29FF4A1200F1C8E3 /* Katakana.xcdatamodel */;
			path = Katakana.xcdatamodeld;
			sourceTree = "<group>";
			versionGroupType = wrapper.xcdatamodel;
		};
/* End XCVersionGroup section */
	};
	rootObject = 3EC6746529FF4A1100F1C8E3 /* Project object */;
}
